// !$*UTF8*$!
{
	archiveVersion = 1;
	classes = {
	};
	objectVersion = 55;
	objects = {

/* Begin PBXBuildFile section */
		14D0C0A92869884500BFA099 /* AppDelegate.swift in Sources */ = {isa = PBXBuildFile; fileRef = 14D0C0A82869884500BFA099 /* AppDelegate.swift */; };
		14D0C0AB2869884500BFA099 /* SceneDelegate.swift in Sources */ = {isa = PBXBuildFile; fileRef = 14D0C0AA2869884500BFA099 /* SceneDelegate.swift */; };
		14D0C0AD2869884500BFA099 /* ViewController.swift in Sources */ = {isa = PBXBuildFile; fileRef = 14D0C0AC2869884500BFA099 /* ViewController.swift */; };
		14D0C0B02869884500BFA099 /* Main.storyboard in Resources */ = {isa = PBXBuildFile; fileRef = 14D0C0AE2869884500BFA099 /* Main.storyboard */; };
		14D0C0B22869884900BFA099 /* Assets.xcassets in Resources */ = {isa = PBXBuildFile; fileRef = 14D0C0B12869884900BFA099 /* Assets.xcassets */; };
		14D0C0B52869884900BFA099 /* LaunchScreen.storyboard in Resources */ = {isa = PBXBuildFile; fileRef = 14D0C0B32869884900BFA099 /* LaunchScreen.storyboard */; };
		14D0C0C128698C0000BFA099 /* AppDelegate.swift in Sources */ = {isa = PBXBuildFile; fileRef = 14D0C0C028698C0000BFA099 /* AppDelegate.swift */; };
		14D0C0C328698C0000BFA099 /* SceneDelegate.swift in Sources */ = {isa = PBXBuildFile; fileRef = 14D0C0C228698C0000BFA099 /* SceneDelegate.swift */; };
		14D0C0C528698C0000BFA099 /* ViewController.swift in Sources */ = {isa = PBXBuildFile; fileRef = 14D0C0C428698C0000BFA099 /* ViewController.swift */; };
		14D0C0C828698C0000BFA099 /* Main.storyboard in Resources */ = {isa = PBXBuildFile; fileRef = 14D0C0C628698C0000BFA099 /* Main.storyboard */; };
		14D0C0CA28698C0700BFA099 /* Assets.xcassets in Resources */ = {isa = PBXBuildFile; fileRef = 14D0C0C928698C0700BFA099 /* Assets.xcassets */; };
		14D0C0CD28698C0700BFA099 /* LaunchScreen.storyboard in Resources */ = {isa = PBXBuildFile; fileRef = 14D0C0CB28698C0700BFA099 /* LaunchScreen.storyboard */; };
		14D0C0D328698E7C00BFA099 /* Quote.swift in Sources */ = {isa = PBXBuildFile; fileRef = 14D0C0D228698E7C00BFA099 /* Quote.swift */; };
		14D0C0DB28699E1900BFA099 /* AppDelegate.swift in Sources */ = {isa = PBXBuildFile; fileRef = 14D0C0DA28699E1900BFA099 /* AppDelegate.swift */; };
		14D0C0DD28699E1900BFA099 /* SceneDelegate.swift in Sources */ = {isa = PBXBuildFile; fileRef = 14D0C0DC28699E1900BFA099 /* SceneDelegate.swift */; };
		14D0C0DF28699E1900BFA099 /* ViewController.swift in Sources */ = {isa = PBXBuildFile; fileRef = 14D0C0DE28699E1900BFA099 /* ViewController.swift */; };
		14D0C0E228699E1A00BFA099 /* Main.storyboard in Resources */ = {isa = PBXBuildFile; fileRef = 14D0C0E028699E1900BFA099 /* Main.storyboard */; };
		14D0C0E428699E1C00BFA099 /* Assets.xcassets in Resources */ = {isa = PBXBuildFile; fileRef = 14D0C0E328699E1C00BFA099 /* Assets.xcassets */; };
		14D0C0E728699E1C00BFA099 /* LaunchScreen.storyboard in Resources */ = {isa = PBXBuildFile; fileRef = 14D0C0E528699E1C00BFA099 /* LaunchScreen.storyboard */; };
		14D0C0ED28699F7F00BFA099 /* SeguePushViewController.swift in Sources */ = {isa = PBXBuildFile; fileRef = 14D0C0EC28699F7E00BFA099 /* SeguePushViewController.swift */; };
		14D0C0EF2869A10100BFA099 /* SeguePresentViewController.swift in Sources */ = {isa = PBXBuildFile; fileRef = 14D0C0EE2869A10100BFA099 /* SeguePresentViewController.swift */; };
		14D0C0F12869A23300BFA099 /* CodePushViewController.swift in Sources */ = {isa = PBXBuildFile; fileRef = 14D0C0F02869A23300BFA099 /* CodePushViewController.swift */; };
		14D0C0F32869A3C700BFA099 /* CodePresentViewController.swift in Sources */ = {isa = PBXBuildFile; fileRef = 14D0C0F22869A3C700BFA099 /* CodePresentViewController.swift */; };
		14D0C0FB2869B8EC00BFA099 /* AppDelegate.swift in Sources */ = {isa = PBXBuildFile; fileRef = 14D0C0FA2869B8EC00BFA099 /* AppDelegate.swift */; };
		14D0C0FD2869B8EC00BFA099 /* SceneDelegate.swift in Sources */ = {isa = PBXBuildFile; fileRef = 14D0C0FC2869B8EC00BFA099 /* SceneDelegate.swift */; };
		14D0C0FF2869B8EC00BFA099 /* ViewController.swift in Sources */ = {isa = PBXBuildFile; fileRef = 14D0C0FE2869B8EC00BFA099 /* ViewController.swift */; };
		14D0C1022869B8EC00BFA099 /* Main.storyboard in Resources */ = {isa = PBXBuildFile; fileRef = 14D0C1002869B8EC00BFA099 /* Main.storyboard */; };
		14D0C1042869B8EE00BFA099 /* Assets.xcassets in Resources */ = {isa = PBXBuildFile; fileRef = 14D0C1032869B8EE00BFA099 /* Assets.xcassets */; };
		14D0C1072869B8EE00BFA099 /* LaunchScreen.storyboard in Resources */ = {isa = PBXBuildFile; fileRef = 14D0C1052869B8EE00BFA099 /* LaunchScreen.storyboard */; };
		14D0C10D2869BD8D00BFA099 /* SettingViewController.swift in Sources */ = {isa = PBXBuildFile; fileRef = 14D0C10C2869BD8C00BFA099 /* SettingViewController.swift */; };
		14D0C115286AEC8D00BFA099 /* AppDelegate.swift in Sources */ = {isa = PBXBuildFile; fileRef = 14D0C114286AEC8D00BFA099 /* AppDelegate.swift */; };
		14D0C117286AEC8D00BFA099 /* SceneDelegate.swift in Sources */ = {isa = PBXBuildFile; fileRef = 14D0C116286AEC8D00BFA099 /* SceneDelegate.swift */; };
		14D0C119286AEC8D00BFA099 /* ViewController.swift in Sources */ = {isa = PBXBuildFile; fileRef = 14D0C118286AEC8D00BFA099 /* ViewController.swift */; };
		14D0C11C286AEC8D00BFA099 /* Main.storyboard in Resources */ = {isa = PBXBuildFile; fileRef = 14D0C11A286AEC8D00BFA099 /* Main.storyboard */; };
		14D0C11E286AEC9300BFA099 /* Assets.xcassets in Resources */ = {isa = PBXBuildFile; fileRef = 14D0C11D286AEC9300BFA099 /* Assets.xcassets */; };
		14D0C121286AEC9300BFA099 /* LaunchScreen.storyboard in Resources */ = {isa = PBXBuildFile; fileRef = 14D0C11F286AEC9300BFA099 /* LaunchScreen.storyboard */; };
		14D0C127286AF3D700BFA099 /* RoundButton.swift in Sources */ = {isa = PBXBuildFile; fileRef = 14D0C126286AF3D700BFA099 /* RoundButton.swift */; };
		14D0C12F286B1C2C00BFA099 /* AppDelegate.swift in Sources */ = {isa = PBXBuildFile; fileRef = 14D0C12E286B1C2C00BFA099 /* AppDelegate.swift */; };
		14D0C131286B1C2C00BFA099 /* SceneDelegate.swift in Sources */ = {isa = PBXBuildFile; fileRef = 14D0C130286B1C2C00BFA099 /* SceneDelegate.swift */; };
		14D0C133286B1C2C00BFA099 /* ViewController.swift in Sources */ = {isa = PBXBuildFile; fileRef = 14D0C132286B1C2C00BFA099 /* ViewController.swift */; };
		14D0C136286B1C2C00BFA099 /* Main.storyboard in Resources */ = {isa = PBXBuildFile; fileRef = 14D0C134286B1C2C00BFA099 /* Main.storyboard */; };
		14D0C138286B1C3100BFA099 /* Assets.xcassets in Resources */ = {isa = PBXBuildFile; fileRef = 14D0C137286B1C3100BFA099 /* Assets.xcassets */; };
		14D0C13B286B1C3100BFA099 /* LaunchScreen.storyboard in Resources */ = {isa = PBXBuildFile; fileRef = 14D0C139286B1C3100BFA099 /* LaunchScreen.storyboard */; };
		14D0C141286B237500BFA099 /* Task.swift in Sources */ = {isa = PBXBuildFile; fileRef = 14D0C140286B237500BFA099 /* Task.swift */; };
		14D0C149286C06F500BFA099 /* AppDelegate.swift in Sources */ = {isa = PBXBuildFile; fileRef = 14D0C148286C06F500BFA099 /* AppDelegate.swift */; };
		14D0C14B286C06F500BFA099 /* SceneDelegate.swift in Sources */ = {isa = PBXBuildFile; fileRef = 14D0C14A286C06F500BFA099 /* SceneDelegate.swift */; };
		14D0C14D286C06F500BFA099 /* ViewController.swift in Sources */ = {isa = PBXBuildFile; fileRef = 14D0C14C286C06F500BFA099 /* ViewController.swift */; };
		14D0C150286C06F500BFA099 /* Main.storyboard in Resources */ = {isa = PBXBuildFile; fileRef = 14D0C14E286C06F500BFA099 /* Main.storyboard */; };
		14D0C152286C06F700BFA099 /* Assets.xcassets in Resources */ = {isa = PBXBuildFile; fileRef = 14D0C151286C06F700BFA099 /* Assets.xcassets */; };
		14D0C155286C06F700BFA099 /* LaunchScreen.storyboard in Resources */ = {isa = PBXBuildFile; fileRef = 14D0C153286C06F700BFA099 /* LaunchScreen.storyboard */; };
		14D0C15B286C0F5A00BFA099 /* DiaryCell.swift in Sources */ = {isa = PBXBuildFile; fileRef = 14D0C15A286C0F5A00BFA099 /* DiaryCell.swift */; };
		14D0C15D286C0F8D00BFA099 /* StarViewController.swift in Sources */ = {isa = PBXBuildFile; fileRef = 14D0C15C286C0F8D00BFA099 /* StarViewController.swift */; };
		14D0C15F286C105100BFA099 /* StarCell.swift in Sources */ = {isa = PBXBuildFile; fileRef = 14D0C15E286C105100BFA099 /* StarCell.swift */; };
		14D0C161286C11AD00BFA099 /* WriteDiaryViewController.swift in Sources */ = {isa = PBXBuildFile; fileRef = 14D0C160286C11AD00BFA099 /* WriteDiaryViewController.swift */; };
		14D0C163286C11EC00BFA099 /* DiaryDetailViewController.swift in Sources */ = {isa = PBXBuildFile; fileRef = 14D0C162286C11EC00BFA099 /* DiaryDetailViewController.swift */; };
		14D0C168286C1EA500BFA099 /* Diary.swift in Sources */ = {isa = PBXBuildFile; fileRef = 14D0C167286C1EA500BFA099 /* Diary.swift */; };
		14EF292B286D56260031DD36 /* AppDelegate.swift in Sources */ = {isa = PBXBuildFile; fileRef = 14EF292A286D56260031DD36 /* AppDelegate.swift */; };
		14EF292D286D56260031DD36 /* SceneDelegate.swift in Sources */ = {isa = PBXBuildFile; fileRef = 14EF292C286D56260031DD36 /* SceneDelegate.swift */; };
		14EF292F286D56260031DD36 /* ViewController.swift in Sources */ = {isa = PBXBuildFile; fileRef = 14EF292E286D56260031DD36 /* ViewController.swift */; };
		14EF2932286D56260031DD36 /* Main.storyboard in Resources */ = {isa = PBXBuildFile; fileRef = 14EF2930286D56260031DD36 /* Main.storyboard */; };
		14EF2934286D56290031DD36 /* Assets.xcassets in Resources */ = {isa = PBXBuildFile; fileRef = 14EF2933286D56290031DD36 /* Assets.xcassets */; };
		14EF2937286D56290031DD36 /* LaunchScreen.storyboard in Resources */ = {isa = PBXBuildFile; fileRef = 14EF2935286D56290031DD36 /* LaunchScreen.storyboard */; };
/* End PBXBuildFile section */

/* Begin PBXFileReference section */
		14D0C0A62869884500BFA099 /* AutoLayoutExample.app */ = {isa = PBXFileReference; explicitFileType = wrapper.application; includeInIndex = 0; path = AutoLayoutExample.app; sourceTree = BUILT_PRODUCTS_DIR; };
		14D0C0A82869884500BFA099 /* AppDelegate.swift */ = {isa = PBXFileReference; lastKnownFileType = sourcecode.swift; path = AppDelegate.swift; sourceTree = "<group>"; };
		14D0C0AA2869884500BFA099 /* SceneDelegate.swift */ = {isa = PBXFileReference; lastKnownFileType = sourcecode.swift; path = SceneDelegate.swift; sourceTree = "<group>"; };
		14D0C0AC2869884500BFA099 /* ViewController.swift */ = {isa = PBXFileReference; lastKnownFileType = sourcecode.swift; path = ViewController.swift; sourceTree = "<group>"; };
		14D0C0AF2869884500BFA099 /* Base */ = {isa = PBXFileReference; lastKnownFileType = file.storyboard; name = Base; path = Base.lproj/Main.storyboard; sourceTree = "<group>"; };
		14D0C0B12869884900BFA099 /* Assets.xcassets */ = {isa = PBXFileReference; lastKnownFileType = folder.assetcatalog; path = Assets.xcassets; sourceTree = "<group>"; };
		14D0C0B42869884900BFA099 /* Base */ = {isa = PBXFileReference; lastKnownFileType = file.storyboard; name = Base; path = Base.lproj/LaunchScreen.storyboard; sourceTree = "<group>"; };
		14D0C0B62869884900BFA099 /* Info.plist */ = {isa = PBXFileReference; lastKnownFileType = text.plist.xml; path = Info.plist; sourceTree = "<group>"; };
		14D0C0BE28698C0000BFA099 /* QuoteGenerator.app */ = {isa = PBXFileReference; explicitFileType = wrapper.application; includeInIndex = 0; path = QuoteGenerator.app; sourceTree = BUILT_PRODUCTS_DIR; };
		14D0C0C028698C0000BFA099 /* AppDelegate.swift */ = {isa = PBXFileReference; lastKnownFileType = sourcecode.swift; path = AppDelegate.swift; sourceTree = "<group>"; };
		14D0C0C228698C0000BFA099 /* SceneDelegate.swift */ = {isa = PBXFileReference; lastKnownFileType = sourcecode.swift; path = SceneDelegate.swift; sourceTree = "<group>"; };
		14D0C0C428698C0000BFA099 /* ViewController.swift */ = {isa = PBXFileReference; lastKnownFileType = sourcecode.swift; path = ViewController.swift; sourceTree = "<group>"; };
		14D0C0C728698C0000BFA099 /* Base */ = {isa = PBXFileReference; lastKnownFileType = file.storyboard; name = Base; path = Base.lproj/Main.storyboard; sourceTree = "<group>"; };
		14D0C0C928698C0700BFA099 /* Assets.xcassets */ = {isa = PBXFileReference; lastKnownFileType = folder.assetcatalog; path = Assets.xcassets; sourceTree = "<group>"; };
		14D0C0CC28698C0700BFA099 /* Base */ = {isa = PBXFileReference; lastKnownFileType = file.storyboard; name = Base; path = Base.lproj/LaunchScreen.storyboard; sourceTree = "<group>"; };
		14D0C0CE28698C0700BFA099 /* Info.plist */ = {isa = PBXFileReference; lastKnownFileType = text.plist.xml; path = Info.plist; sourceTree = "<group>"; };
		14D0C0D228698E7C00BFA099 /* Quote.swift */ = {isa = PBXFileReference; lastKnownFileType = sourcecode.swift; path = Quote.swift; sourceTree = "<group>"; };
		14D0C0D828699E1900BFA099 /* ScreenTransactionExample.app */ = {isa = PBXFileReference; explicitFileType = wrapper.application; includeInIndex = 0; path = ScreenTransactionExample.app; sourceTree = BUILT_PRODUCTS_DIR; };
		14D0C0DA28699E1900BFA099 /* AppDelegate.swift */ = {isa = PBXFileReference; lastKnownFileType = sourcecode.swift; path = AppDelegate.swift; sourceTree = "<group>"; };
		14D0C0DC28699E1900BFA099 /* SceneDelegate.swift */ = {isa = PBXFileReference; lastKnownFileType = sourcecode.swift; path = SceneDelegate.swift; sourceTree = "<group>"; };
		14D0C0DE28699E1900BFA099 /* ViewController.swift */ = {isa = PBXFileReference; lastKnownFileType = sourcecode.swift; path = ViewController.swift; sourceTree = "<group>"; };
		14D0C0E128699E1900BFA099 /* Base */ = {isa = PBXFileReference; lastKnownFileType = file.storyboard; name = Base; path = Base.lproj/Main.storyboard; sourceTree = "<group>"; };
		14D0C0E328699E1C00BFA099 /* Assets.xcassets */ = {isa = PBXFileReference; lastKnownFileType = folder.assetcatalog; path = Assets.xcassets; sourceTree = "<group>"; };
		14D0C0E628699E1C00BFA099 /* Base */ = {isa = PBXFileReference; lastKnownFileType = file.storyboard; name = Base; path = Base.lproj/LaunchScreen.storyboard; sourceTree = "<group>"; };
		14D0C0E828699E1C00BFA099 /* Info.plist */ = {isa = PBXFileReference; lastKnownFileType = text.plist.xml; path = Info.plist; sourceTree = "<group>"; };
		14D0C0EC28699F7E00BFA099 /* SeguePushViewController.swift */ = {isa = PBXFileReference; lastKnownFileType = sourcecode.swift; path = SeguePushViewController.swift; sourceTree = "<group>"; };
		14D0C0EE2869A10100BFA099 /* SeguePresentViewController.swift */ = {isa = PBXFileReference; lastKnownFileType = sourcecode.swift; path = SeguePresentViewController.swift; sourceTree = "<group>"; };
		14D0C0F02869A23300BFA099 /* CodePushViewController.swift */ = {isa = PBXFileReference; lastKnownFileType = sourcecode.swift; path = CodePushViewController.swift; sourceTree = "<group>"; };
		14D0C0F22869A3C700BFA099 /* CodePresentViewController.swift */ = {isa = PBXFileReference; lastKnownFileType = sourcecode.swift; path = CodePresentViewController.swift; sourceTree = "<group>"; };
		14D0C0F82869B8EC00BFA099 /* LEDBoard.app */ = {isa = PBXFileReference; explicitFileType = wrapper.application; includeInIndex = 0; path = LEDBoard.app; sourceTree = BUILT_PRODUCTS_DIR; };
		14D0C0FA2869B8EC00BFA099 /* AppDelegate.swift */ = {isa = PBXFileReference; lastKnownFileType = sourcecode.swift; path = AppDelegate.swift; sourceTree = "<group>"; };
		14D0C0FC2869B8EC00BFA099 /* SceneDelegate.swift */ = {isa = PBXFileReference; lastKnownFileType = sourcecode.swift; path = SceneDelegate.swift; sourceTree = "<group>"; };
		14D0C0FE2869B8EC00BFA099 /* ViewController.swift */ = {isa = PBXFileReference; lastKnownFileType = sourcecode.swift; path = ViewController.swift; sourceTree = "<group>"; };
		14D0C1012869B8EC00BFA099 /* Base */ = {isa = PBXFileReference; lastKnownFileType = file.storyboard; name = Base; path = Base.lproj/Main.storyboard; sourceTree = "<group>"; };
		14D0C1032869B8EE00BFA099 /* Assets.xcassets */ = {isa = PBXFileReference; lastKnownFileType = folder.assetcatalog; path = Assets.xcassets; sourceTree = "<group>"; };
		14D0C1062869B8EE00BFA099 /* Base */ = {isa = PBXFileReference; lastKnownFileType = file.storyboard; name = Base; path = Base.lproj/LaunchScreen.storyboard; sourceTree = "<group>"; };
		14D0C1082869B8EE00BFA099 /* Info.plist */ = {isa = PBXFileReference; lastKnownFileType = text.plist.xml; path = Info.plist; sourceTree = "<group>"; };
		14D0C10C2869BD8C00BFA099 /* SettingViewController.swift */ = {isa = PBXFileReference; lastKnownFileType = sourcecode.swift; path = SettingViewController.swift; sourceTree = "<group>"; };
		14D0C112286AEC8D00BFA099 /* Calculator.app */ = {isa = PBXFileReference; explicitFileType = wrapper.application; includeInIndex = 0; path = Calculator.app; sourceTree = BUILT_PRODUCTS_DIR; };
		14D0C114286AEC8D00BFA099 /* AppDelegate.swift */ = {isa = PBXFileReference; lastKnownFileType = sourcecode.swift; path = AppDelegate.swift; sourceTree = "<group>"; };
		14D0C116286AEC8D00BFA099 /* SceneDelegate.swift */ = {isa = PBXFileReference; lastKnownFileType = sourcecode.swift; path = SceneDelegate.swift; sourceTree = "<group>"; };
		14D0C118286AEC8D00BFA099 /* ViewController.swift */ = {isa = PBXFileReference; lastKnownFileType = sourcecode.swift; path = ViewController.swift; sourceTree = "<group>"; };
		14D0C11B286AEC8D00BFA099 /* Base */ = {isa = PBXFileReference; lastKnownFileType = file.storyboard; name = Base; path = Base.lproj/Main.storyboard; sourceTree = "<group>"; };
		14D0C11D286AEC9300BFA099 /* Assets.xcassets */ = {isa = PBXFileReference; lastKnownFileType = folder.assetcatalog; path = Assets.xcassets; sourceTree = "<group>"; };
		14D0C120286AEC9300BFA099 /* Base */ = {isa = PBXFileReference; lastKnownFileType = file.storyboard; name = Base; path = Base.lproj/LaunchScreen.storyboard; sourceTree = "<group>"; };
		14D0C122286AEC9300BFA099 /* Info.plist */ = {isa = PBXFileReference; lastKnownFileType = text.plist.xml; path = Info.plist; sourceTree = "<group>"; };
		14D0C126286AF3D700BFA099 /* RoundButton.swift */ = {isa = PBXFileReference; lastKnownFileType = sourcecode.swift; path = RoundButton.swift; sourceTree = "<group>"; };
		14D0C12C286B1C2C00BFA099 /* TodoList.app */ = {isa = PBXFileReference; explicitFileType = wrapper.application; includeInIndex = 0; path = TodoList.app; sourceTree = BUILT_PRODUCTS_DIR; };
		14D0C12E286B1C2C00BFA099 /* AppDelegate.swift */ = {isa = PBXFileReference; lastKnownFileType = sourcecode.swift; path = AppDelegate.swift; sourceTree = "<group>"; };
		14D0C130286B1C2C00BFA099 /* SceneDelegate.swift */ = {isa = PBXFileReference; lastKnownFileType = sourcecode.swift; path = SceneDelegate.swift; sourceTree = "<group>"; };
		14D0C132286B1C2C00BFA099 /* ViewController.swift */ = {isa = PBXFileReference; lastKnownFileType = sourcecode.swift; path = ViewController.swift; sourceTree = "<group>"; };
		14D0C135286B1C2C00BFA099 /* Base */ = {isa = PBXFileReference; lastKnownFileType = file.storyboard; name = Base; path = Base.lproj/Main.storyboard; sourceTree = "<group>"; };
		14D0C137286B1C3100BFA099 /* Assets.xcassets */ = {isa = PBXFileReference; lastKnownFileType = folder.assetcatalog; path = Assets.xcassets; sourceTree = "<group>"; };
		14D0C13A286B1C3100BFA099 /* Base */ = {isa = PBXFileReference; lastKnownFileType = file.storyboard; name = Base; path = Base.lproj/LaunchScreen.storyboard; sourceTree = "<group>"; };
		14D0C13C286B1C3100BFA099 /* Info.plist */ = {isa = PBXFileReference; lastKnownFileType = text.plist.xml; path = Info.plist; sourceTree = "<group>"; };
		14D0C140286B237500BFA099 /* Task.swift */ = {isa = PBXFileReference; lastKnownFileType = sourcecode.swift; path = Task.swift; sourceTree = "<group>"; };
		14D0C146286C06F400BFA099 /* Diary.app */ = {isa = PBXFileReference; explicitFileType = wrapper.application; includeInIndex = 0; path = Diary.app; sourceTree = BUILT_PRODUCTS_DIR; };
		14D0C148286C06F500BFA099 /* AppDelegate.swift */ = {isa = PBXFileReference; lastKnownFileType = sourcecode.swift; path = AppDelegate.swift; sourceTree = "<group>"; };
		14D0C14A286C06F500BFA099 /* SceneDelegate.swift */ = {isa = PBXFileReference; lastKnownFileType = sourcecode.swift; path = SceneDelegate.swift; sourceTree = "<group>"; };
		14D0C14C286C06F500BFA099 /* ViewController.swift */ = {isa = PBXFileReference; lastKnownFileType = sourcecode.swift; path = ViewController.swift; sourceTree = "<group>"; };
		14D0C14F286C06F500BFA099 /* Base */ = {isa = PBXFileReference; lastKnownFileType = file.storyboard; name = Base; path = Base.lproj/Main.storyboard; sourceTree = "<group>"; };
		14D0C151286C06F700BFA099 /* Assets.xcassets */ = {isa = PBXFileReference; lastKnownFileType = folder.assetcatalog; path = Assets.xcassets; sourceTree = "<group>"; };
		14D0C154286C06F700BFA099 /* Base */ = {isa = PBXFileReference; lastKnownFileType = file.storyboard; name = Base; path = Base.lproj/LaunchScreen.storyboard; sourceTree = "<group>"; };
		14D0C156286C06F700BFA099 /* Info.plist */ = {isa = PBXFileReference; lastKnownFileType = text.plist.xml; path = Info.plist; sourceTree = "<group>"; };
		14D0C15A286C0F5A00BFA099 /* DiaryCell.swift */ = {isa = PBXFileReference; lastKnownFileType = sourcecode.swift; path = DiaryCell.swift; sourceTree = "<group>"; };
		14D0C15C286C0F8D00BFA099 /* StarViewController.swift */ = {isa = PBXFileReference; lastKnownFileType = sourcecode.swift; path = StarViewController.swift; sourceTree = "<group>"; };
		14D0C15E286C105100BFA099 /* StarCell.swift */ = {isa = PBXFileReference; lastKnownFileType = sourcecode.swift; path = StarCell.swift; sourceTree = "<group>"; };
		14D0C160286C11AD00BFA099 /* WriteDiaryViewController.swift */ = {isa = PBXFileReference; lastKnownFileType = sourcecode.swift; path = WriteDiaryViewController.swift; sourceTree = "<group>"; };
		14D0C162286C11EC00BFA099 /* DiaryDetailViewController.swift */ = {isa = PBXFileReference; lastKnownFileType = sourcecode.swift; path = DiaryDetailViewController.swift; sourceTree = "<group>"; };
		14D0C167286C1EA500BFA099 /* Diary.swift */ = {isa = PBXFileReference; lastKnownFileType = sourcecode.swift; path = Diary.swift; sourceTree = "<group>"; };
		14EF2928286D56260031DD36 /* Pomodoro.app */ = {isa = PBXFileReference; explicitFileType = wrapper.application; includeInIndex = 0; path = Pomodoro.app; sourceTree = BUILT_PRODUCTS_DIR; };
		14EF292A286D56260031DD36 /* AppDelegate.swift */ = {isa = PBXFileReference; lastKnownFileType = sourcecode.swift; path = AppDelegate.swift; sourceTree = "<group>"; };
		14EF292C286D56260031DD36 /* SceneDelegate.swift */ = {isa = PBXFileReference; lastKnownFileType = sourcecode.swift; path = SceneDelegate.swift; sourceTree = "<group>"; };
		14EF292E286D56260031DD36 /* ViewController.swift */ = {isa = PBXFileReference; lastKnownFileType = sourcecode.swift; path = ViewController.swift; sourceTree = "<group>"; };
		14EF2931286D56260031DD36 /* Base */ = {isa = PBXFileReference; lastKnownFileType = file.storyboard; name = Base; path = Base.lproj/Main.storyboard; sourceTree = "<group>"; };
		14EF2933286D56290031DD36 /* Assets.xcassets */ = {isa = PBXFileReference; lastKnownFileType = folder.assetcatalog; path = Assets.xcassets; sourceTree = "<group>"; };
		14EF2936286D56290031DD36 /* Base */ = {isa = PBXFileReference; lastKnownFileType = file.storyboard; name = Base; path = Base.lproj/LaunchScreen.storyboard; sourceTree = "<group>"; };
		14EF2938286D56290031DD36 /* Info.plist */ = {isa = PBXFileReference; lastKnownFileType = text.plist.xml; path = Info.plist; sourceTree = "<group>"; };
/* End PBXFileReference section */

/* Begin PBXFrameworksBuildPhase section */
		14D0C0A32869884500BFA099 /* Frameworks */ = {
			isa = PBXFrameworksBuildPhase;
			buildActionMask = 2147483647;
			files = (
			);
			runOnlyForDeploymentPostprocessing = 0;
		};
		14D0C0BB28698C0000BFA099 /* Frameworks */ = {
			isa = PBXFrameworksBuildPhase;
			buildActionMask = 2147483647;
			files = (
			);
			runOnlyForDeploymentPostprocessing = 0;
		};
		14D0C0D528699E1900BFA099 /* Frameworks */ = {
			isa = PBXFrameworksBuildPhase;
			buildActionMask = 2147483647;
			files = (
			);
			runOnlyForDeploymentPostprocessing = 0;
		};
		14D0C0F52869B8EC00BFA099 /* Frameworks */ = {
			isa = PBXFrameworksBuildPhase;
			buildActionMask = 2147483647;
			files = (
			);
			runOnlyForDeploymentPostprocessing = 0;
		};
		14D0C10F286AEC8D00BFA099 /* Frameworks */ = {
			isa = PBXFrameworksBuildPhase;
			buildActionMask = 2147483647;
			files = (
			);
			runOnlyForDeploymentPostprocessing = 0;
		};
		14D0C129286B1C2C00BFA099 /* Frameworks */ = {
			isa = PBXFrameworksBuildPhase;
			buildActionMask = 2147483647;
			files = (
			);
			runOnlyForDeploymentPostprocessing = 0;
		};
		14D0C143286C06F400BFA099 /* Frameworks */ = {
			isa = PBXFrameworksBuildPhase;
			buildActionMask = 2147483647;
			files = (
			);
			runOnlyForDeploymentPostprocessing = 0;
		};
		14EF2925286D56260031DD36 /* Frameworks */ = {
			isa = PBXFrameworksBuildPhase;
			buildActionMask = 2147483647;
			files = (
			);
			runOnlyForDeploymentPostprocessing = 0;
		};
/* End PBXFrameworksBuildPhase section */

/* Begin PBXGroup section */
		14D0C06A286983AE00BFA099 = {
			isa = PBXGroup;
			children = (
				14D0C0A72869884500BFA099 /* AutoLayoutExample */,
				14D0C0BF28698C0000BFA099 /* QuoteGenerator */,
				14D0C0D928699E1900BFA099 /* ScreenTransactionExample */,
				14D0C0F92869B8EC00BFA099 /* LEDBoard */,
				14D0C113286AEC8D00BFA099 /* Calculator */,
				14D0C12D286B1C2C00BFA099 /* TodoList */,
				14D0C147286C06F400BFA099 /* Diary */,
				14EF2929286D56260031DD36 /* Pomodoro */,
				14D0C074286983AF00BFA099 /* Products */,
			);
			sourceTree = "<group>";
		};
		14D0C074286983AF00BFA099 /* Products */ = {
			isa = PBXGroup;
			children = (
				14D0C0A62869884500BFA099 /* AutoLayoutExample.app */,
				14D0C0BE28698C0000BFA099 /* QuoteGenerator.app */,
				14D0C0D828699E1900BFA099 /* ScreenTransactionExample.app */,
				14D0C0F82869B8EC00BFA099 /* LEDBoard.app */,
				14D0C112286AEC8D00BFA099 /* Calculator.app */,
				14D0C12C286B1C2C00BFA099 /* TodoList.app */,
				14D0C146286C06F400BFA099 /* Diary.app */,
				14EF2928286D56260031DD36 /* Pomodoro.app */,
			);
			name = Products;
			sourceTree = "<group>";
		};
		14D0C0A72869884500BFA099 /* AutoLayoutExample */ = {
			isa = PBXGroup;
			children = (
				14D0C0A82869884500BFA099 /* AppDelegate.swift */,
				14D0C0AA2869884500BFA099 /* SceneDelegate.swift */,
				14D0C0AC2869884500BFA099 /* ViewController.swift */,
				14D0C0AE2869884500BFA099 /* Main.storyboard */,
				14D0C0B12869884900BFA099 /* Assets.xcassets */,
				14D0C0B32869884900BFA099 /* LaunchScreen.storyboard */,
				14D0C0B62869884900BFA099 /* Info.plist */,
			);
			path = AutoLayoutExample;
			sourceTree = "<group>";
		};
		14D0C0BF28698C0000BFA099 /* QuoteGenerator */ = {
			isa = PBXGroup;
			children = (
				14D0C0C028698C0000BFA099 /* AppDelegate.swift */,
				14D0C0C228698C0000BFA099 /* SceneDelegate.swift */,
				14D0C0C428698C0000BFA099 /* ViewController.swift */,
				14D0C0C628698C0000BFA099 /* Main.storyboard */,
				14D0C0C928698C0700BFA099 /* Assets.xcassets */,
				14D0C0CB28698C0700BFA099 /* LaunchScreen.storyboard */,
				14D0C0CE28698C0700BFA099 /* Info.plist */,
				14D0C0D228698E7C00BFA099 /* Quote.swift */,
			);
			path = QuoteGenerator;
			sourceTree = "<group>";
		};
		14D0C0D928699E1900BFA099 /* ScreenTransactionExample */ = {
			isa = PBXGroup;
			children = (
				14D0C0DA28699E1900BFA099 /* AppDelegate.swift */,
				14D0C0DC28699E1900BFA099 /* SceneDelegate.swift */,
				14D0C0DE28699E1900BFA099 /* ViewController.swift */,
				14D0C0E028699E1900BFA099 /* Main.storyboard */,
				14D0C0E328699E1C00BFA099 /* Assets.xcassets */,
				14D0C0E528699E1C00BFA099 /* LaunchScreen.storyboard */,
				14D0C0E828699E1C00BFA099 /* Info.plist */,
				14D0C0EC28699F7E00BFA099 /* SeguePushViewController.swift */,
				14D0C0EE2869A10100BFA099 /* SeguePresentViewController.swift */,
				14D0C0F02869A23300BFA099 /* CodePushViewController.swift */,
				14D0C0F22869A3C700BFA099 /* CodePresentViewController.swift */,
			);
			path = ScreenTransactionExample;
			sourceTree = "<group>";
		};
		14D0C0F92869B8EC00BFA099 /* LEDBoard */ = {
			isa = PBXGroup;
			children = (
				14D0C0FA2869B8EC00BFA099 /* AppDelegate.swift */,
				14D0C0FC2869B8EC00BFA099 /* SceneDelegate.swift */,
				14D0C0FE2869B8EC00BFA099 /* ViewController.swift */,
				14D0C1002869B8EC00BFA099 /* Main.storyboard */,
				14D0C1032869B8EE00BFA099 /* Assets.xcassets */,
				14D0C1052869B8EE00BFA099 /* LaunchScreen.storyboard */,
				14D0C1082869B8EE00BFA099 /* Info.plist */,
				14D0C10C2869BD8C00BFA099 /* SettingViewController.swift */,
			);
			path = LEDBoard;
			sourceTree = "<group>";
		};
		14D0C113286AEC8D00BFA099 /* Calculator */ = {
			isa = PBXGroup;
			children = (
				14D0C114286AEC8D00BFA099 /* AppDelegate.swift */,
				14D0C116286AEC8D00BFA099 /* SceneDelegate.swift */,
				14D0C118286AEC8D00BFA099 /* ViewController.swift */,
				14D0C11A286AEC8D00BFA099 /* Main.storyboard */,
				14D0C11D286AEC9300BFA099 /* Assets.xcassets */,
				14D0C11F286AEC9300BFA099 /* LaunchScreen.storyboard */,
				14D0C122286AEC9300BFA099 /* Info.plist */,
				14D0C126286AF3D700BFA099 /* RoundButton.swift */,
			);
			path = Calculator;
			sourceTree = "<group>";
		};
		14D0C12D286B1C2C00BFA099 /* TodoList */ = {
			isa = PBXGroup;
			children = (
				14D0C12E286B1C2C00BFA099 /* AppDelegate.swift */,
				14D0C130286B1C2C00BFA099 /* SceneDelegate.swift */,
				14D0C132286B1C2C00BFA099 /* ViewController.swift */,
				14D0C134286B1C2C00BFA099 /* Main.storyboard */,
				14D0C137286B1C3100BFA099 /* Assets.xcassets */,
				14D0C139286B1C3100BFA099 /* LaunchScreen.storyboard */,
				14D0C13C286B1C3100BFA099 /* Info.plist */,
				14D0C140286B237500BFA099 /* Task.swift */,
			);
			path = TodoList;
			sourceTree = "<group>";
		};
		14D0C147286C06F400BFA099 /* Diary */ = {
			isa = PBXGroup;
			children = (
				14D0C166286C1E9600BFA099 /* Model */,
				14D0C165286C171700BFA099 /* Cells */,
				14D0C164286C170600BFA099 /* Views */,
				14D0C148286C06F500BFA099 /* AppDelegate.swift */,
				14D0C14A286C06F500BFA099 /* SceneDelegate.swift */,
				14D0C14E286C06F500BFA099 /* Main.storyboard */,
				14D0C151286C06F700BFA099 /* Assets.xcassets */,
				14D0C153286C06F700BFA099 /* LaunchScreen.storyboard */,
				14D0C156286C06F700BFA099 /* Info.plist */,
			);
			path = Diary;
			sourceTree = "<group>";
		};
		14D0C164286C170600BFA099 /* Views */ = {
			isa = PBXGroup;
			children = (
				14D0C14C286C06F500BFA099 /* ViewController.swift */,
				14D0C15C286C0F8D00BFA099 /* StarViewController.swift */,
				14D0C160286C11AD00BFA099 /* WriteDiaryViewController.swift */,
				14D0C162286C11EC00BFA099 /* DiaryDetailViewController.swift */,
			);
			path = Views;
			sourceTree = "<group>";
		};
		14D0C165286C171700BFA099 /* Cells */ = {
			isa = PBXGroup;
			children = (
				14D0C15A286C0F5A00BFA099 /* DiaryCell.swift */,
				14D0C15E286C105100BFA099 /* StarCell.swift */,
			);
			path = Cells;
			sourceTree = "<group>";
		};
		14D0C166286C1E9600BFA099 /* Model */ = {
			isa = PBXGroup;
			children = (
				14D0C167286C1EA500BFA099 /* Diary.swift */,
			);
			path = Model;
			sourceTree = "<group>";
		};
		14EF2929286D56260031DD36 /* Pomodoro */ = {
			isa = PBXGroup;
			children = (
				14EF292A286D56260031DD36 /* AppDelegate.swift */,
				14EF292C286D56260031DD36 /* SceneDelegate.swift */,
				14EF292E286D56260031DD36 /* ViewController.swift */,
				14EF2930286D56260031DD36 /* Main.storyboard */,
				14EF2933286D56290031DD36 /* Assets.xcassets */,
				14EF2935286D56290031DD36 /* LaunchScreen.storyboard */,
				14EF2938286D56290031DD36 /* Info.plist */,
			);
			path = Pomodoro;
			sourceTree = "<group>";
		};
/* End PBXGroup section */

/* Begin PBXNativeTarget section */
		14D0C0A52869884500BFA099 /* AutoLayoutExample */ = {
			isa = PBXNativeTarget;
			buildConfigurationList = 14D0C0B72869884900BFA099 /* Build configuration list for PBXNativeTarget "AutoLayoutExample" */;
			buildPhases = (
				14D0C0A22869884500BFA099 /* Sources */,
				14D0C0A32869884500BFA099 /* Frameworks */,
				14D0C0A42869884500BFA099 /* Resources */,
			);
			buildRules = (
			);
			dependencies = (
			);
			name = AutoLayoutExample;
			productName = AutoLayoutExample;
			productReference = 14D0C0A62869884500BFA099 /* AutoLayoutExample.app */;
			productType = "com.apple.product-type.application";
		};
		14D0C0BD28698C0000BFA099 /* QuoteGenerator */ = {
			isa = PBXNativeTarget;
			buildConfigurationList = 14D0C0CF28698C0700BFA099 /* Build configuration list for PBXNativeTarget "QuoteGenerator" */;
			buildPhases = (
				14D0C0BA28698C0000BFA099 /* Sources */,
				14D0C0BB28698C0000BFA099 /* Frameworks */,
				14D0C0BC28698C0000BFA099 /* Resources */,
			);
			buildRules = (
			);
			dependencies = (
			);
			name = QuoteGenerator;
			productName = QuoteGenerator;
			productReference = 14D0C0BE28698C0000BFA099 /* QuoteGenerator.app */;
			productType = "com.apple.product-type.application";
		};
		14D0C0D728699E1900BFA099 /* ScreenTransactionExample */ = {
			isa = PBXNativeTarget;
			buildConfigurationList = 14D0C0E928699E1C00BFA099 /* Build configuration list for PBXNativeTarget "ScreenTransactionExample" */;
			buildPhases = (
				14D0C0D428699E1900BFA099 /* Sources */,
				14D0C0D528699E1900BFA099 /* Frameworks */,
				14D0C0D628699E1900BFA099 /* Resources */,
			);
			buildRules = (
			);
			dependencies = (
			);
			name = ScreenTransactionExample;
			productName = ScreenTransactionExample;
			productReference = 14D0C0D828699E1900BFA099 /* ScreenTransactionExample.app */;
			productType = "com.apple.product-type.application";
		};
		14D0C0F72869B8EC00BFA099 /* LEDBoard */ = {
			isa = PBXNativeTarget;
			buildConfigurationList = 14D0C1092869B8EE00BFA099 /* Build configuration list for PBXNativeTarget "LEDBoard" */;
			buildPhases = (
				14D0C0F42869B8EC00BFA099 /* Sources */,
				14D0C0F52869B8EC00BFA099 /* Frameworks */,
				14D0C0F62869B8EC00BFA099 /* Resources */,
			);
			buildRules = (
			);
			dependencies = (
			);
			name = LEDBoard;
			productName = LEDBoard;
			productReference = 14D0C0F82869B8EC00BFA099 /* LEDBoard.app */;
			productType = "com.apple.product-type.application";
		};
		14D0C111286AEC8D00BFA099 /* Calculator */ = {
			isa = PBXNativeTarget;
			buildConfigurationList = 14D0C123286AEC9300BFA099 /* Build configuration list for PBXNativeTarget "Calculator" */;
			buildPhases = (
				14D0C10E286AEC8D00BFA099 /* Sources */,
				14D0C10F286AEC8D00BFA099 /* Frameworks */,
				14D0C110286AEC8D00BFA099 /* Resources */,
			);
			buildRules = (
			);
			dependencies = (
			);
			name = Calculator;
			productName = Calculator;
			productReference = 14D0C112286AEC8D00BFA099 /* Calculator.app */;
			productType = "com.apple.product-type.application";
		};
		14D0C12B286B1C2C00BFA099 /* TodoList */ = {
			isa = PBXNativeTarget;
			buildConfigurationList = 14D0C13D286B1C3100BFA099 /* Build configuration list for PBXNativeTarget "TodoList" */;
			buildPhases = (
				14D0C128286B1C2C00BFA099 /* Sources */,
				14D0C129286B1C2C00BFA099 /* Frameworks */,
				14D0C12A286B1C2C00BFA099 /* Resources */,
			);
			buildRules = (
			);
			dependencies = (
			);
			name = TodoList;
			productName = TodoList;
			productReference = 14D0C12C286B1C2C00BFA099 /* TodoList.app */;
			productType = "com.apple.product-type.application";
		};
		14D0C145286C06F400BFA099 /* Diary */ = {
			isa = PBXNativeTarget;
			buildConfigurationList = 14D0C157286C06F700BFA099 /* Build configuration list for PBXNativeTarget "Diary" */;
			buildPhases = (
				14D0C142286C06F400BFA099 /* Sources */,
				14D0C143286C06F400BFA099 /* Frameworks */,
				14D0C144286C06F400BFA099 /* Resources */,
			);
			buildRules = (
			);
			dependencies = (
			);
			name = Diary;
			productName = Diary;
			productReference = 14D0C146286C06F400BFA099 /* Diary.app */;
			productType = "com.apple.product-type.application";
		};
		14EF2927286D56260031DD36 /* Pomodoro */ = {
			isa = PBXNativeTarget;
			buildConfigurationList = 14EF293B286D56290031DD36 /* Build configuration list for PBXNativeTarget "Pomodoro" */;
			buildPhases = (
				14EF2924286D56260031DD36 /* Sources */,
				14EF2925286D56260031DD36 /* Frameworks */,
				14EF2926286D56260031DD36 /* Resources */,
			);
			buildRules = (
			);
			dependencies = (
			);
			name = Pomodoro;
			productName = Pomodoro;
			productReference = 14EF2928286D56260031DD36 /* Pomodoro.app */;
			productType = "com.apple.product-type.application";
		};
/* End PBXNativeTarget section */

/* Begin PBXProject section */
		14D0C06B286983AE00BFA099 /* Project object */ = {
			isa = PBXProject;
			attributes = {
				BuildIndependentTargetsInParallel = 1;
				LastSwiftUpdateCheck = 1330;
				LastUpgradeCheck = 1330;
				TargetAttributes = {
					14D0C0A52869884500BFA099 = {
						CreatedOnToolsVersion = 13.3;
					};
					14D0C0BD28698C0000BFA099 = {
						CreatedOnToolsVersion = 13.3;
					};
					14D0C0D728699E1900BFA099 = {
						CreatedOnToolsVersion = 13.3;
					};
					14D0C0F72869B8EC00BFA099 = {
						CreatedOnToolsVersion = 13.3;
					};
					14D0C111286AEC8D00BFA099 = {
						CreatedOnToolsVersion = 13.3;
					};
					14D0C12B286B1C2C00BFA099 = {
						CreatedOnToolsVersion = 13.3;
					};
					14D0C145286C06F400BFA099 = {
						CreatedOnToolsVersion = 13.3;
					};
					14EF2927286D56260031DD36 = {
						CreatedOnToolsVersion = 13.3;
					};
				};
			};
			buildConfigurationList = 14D0C06E286983AE00BFA099 /* Build configuration list for PBXProject "iOS_Fastcampus_Basic" */;
			compatibilityVersion = "Xcode 13.0";
			developmentRegion = en;
			hasScannedForEncodings = 0;
			knownRegions = (
				en,
				Base,
			);
			mainGroup = 14D0C06A286983AE00BFA099;
			productRefGroup = 14D0C074286983AF00BFA099 /* Products */;
			projectDirPath = "";
			projectRoot = "";
			targets = (
				14D0C0A52869884500BFA099 /* AutoLayoutExample */,
				14D0C0BD28698C0000BFA099 /* QuoteGenerator */,
				14D0C0D728699E1900BFA099 /* ScreenTransactionExample */,
				14D0C0F72869B8EC00BFA099 /* LEDBoard */,
				14D0C111286AEC8D00BFA099 /* Calculator */,
				14D0C12B286B1C2C00BFA099 /* TodoList */,
				14D0C145286C06F400BFA099 /* Diary */,
				14EF2927286D56260031DD36 /* Pomodoro */,
			);
		};
/* End PBXProject section */

/* Begin PBXResourcesBuildPhase section */
		14D0C0A42869884500BFA099 /* Resources */ = {
			isa = PBXResourcesBuildPhase;
			buildActionMask = 2147483647;
			files = (
				14D0C0B52869884900BFA099 /* LaunchScreen.storyboard in Resources */,
				14D0C0B22869884900BFA099 /* Assets.xcassets in Resources */,
				14D0C0B02869884500BFA099 /* Main.storyboard in Resources */,
			);
			runOnlyForDeploymentPostprocessing = 0;
		};
		14D0C0BC28698C0000BFA099 /* Resources */ = {
			isa = PBXResourcesBuildPhase;
			buildActionMask = 2147483647;
			files = (
				14D0C0CD28698C0700BFA099 /* LaunchScreen.storyboard in Resources */,
				14D0C0CA28698C0700BFA099 /* Assets.xcassets in Resources */,
				14D0C0C828698C0000BFA099 /* Main.storyboard in Resources */,
			);
			runOnlyForDeploymentPostprocessing = 0;
		};
		14D0C0D628699E1900BFA099 /* Resources */ = {
			isa = PBXResourcesBuildPhase;
			buildActionMask = 2147483647;
			files = (
				14D0C0E728699E1C00BFA099 /* LaunchScreen.storyboard in Resources */,
				14D0C0E428699E1C00BFA099 /* Assets.xcassets in Resources */,
				14D0C0E228699E1A00BFA099 /* Main.storyboard in Resources */,
			);
			runOnlyForDeploymentPostprocessing = 0;
		};
		14D0C0F62869B8EC00BFA099 /* Resources */ = {
			isa = PBXResourcesBuildPhase;
			buildActionMask = 2147483647;
			files = (
				14D0C1072869B8EE00BFA099 /* LaunchScreen.storyboard in Resources */,
				14D0C1042869B8EE00BFA099 /* Assets.xcassets in Resources */,
				14D0C1022869B8EC00BFA099 /* Main.storyboard in Resources */,
			);
			runOnlyForDeploymentPostprocessing = 0;
		};
		14D0C110286AEC8D00BFA099 /* Resources */ = {
			isa = PBXResourcesBuildPhase;
			buildActionMask = 2147483647;
			files = (
				14D0C121286AEC9300BFA099 /* LaunchScreen.storyboard in Resources */,
				14D0C11E286AEC9300BFA099 /* Assets.xcassets in Resources */,
				14D0C11C286AEC8D00BFA099 /* Main.storyboard in Resources */,
			);
			runOnlyForDeploymentPostprocessing = 0;
		};
		14D0C12A286B1C2C00BFA099 /* Resources */ = {
			isa = PBXResourcesBuildPhase;
			buildActionMask = 2147483647;
			files = (
				14D0C13B286B1C3100BFA099 /* LaunchScreen.storyboard in Resources */,
				14D0C138286B1C3100BFA099 /* Assets.xcassets in Resources */,
				14D0C136286B1C2C00BFA099 /* Main.storyboard in Resources */,
			);
			runOnlyForDeploymentPostprocessing = 0;
		};
		14D0C144286C06F400BFA099 /* Resources */ = {
			isa = PBXResourcesBuildPhase;
			buildActionMask = 2147483647;
			files = (
				14D0C155286C06F700BFA099 /* LaunchScreen.storyboard in Resources */,
				14D0C152286C06F700BFA099 /* Assets.xcassets in Resources */,
				14D0C150286C06F500BFA099 /* Main.storyboard in Resources */,
			);
			runOnlyForDeploymentPostprocessing = 0;
		};
		14EF2926286D56260031DD36 /* Resources */ = {
			isa = PBXResourcesBuildPhase;
			buildActionMask = 2147483647;
			files = (
				14EF2937286D56290031DD36 /* LaunchScreen.storyboard in Resources */,
				14EF2934286D56290031DD36 /* Assets.xcassets in Resources */,
				14EF2932286D56260031DD36 /* Main.storyboard in Resources */,
			);
			runOnlyForDeploymentPostprocessing = 0;
		};
/* End PBXResourcesBuildPhase section */

/* Begin PBXSourcesBuildPhase section */
		14D0C0A22869884500BFA099 /* Sources */ = {
			isa = PBXSourcesBuildPhase;
			buildActionMask = 2147483647;
			files = (
				14D0C0AD2869884500BFA099 /* ViewController.swift in Sources */,
				14D0C0A92869884500BFA099 /* AppDelegate.swift in Sources */,
				14D0C0AB2869884500BFA099 /* SceneDelegate.swift in Sources */,
			);
			runOnlyForDeploymentPostprocessing = 0;
		};
		14D0C0BA28698C0000BFA099 /* Sources */ = {
			isa = PBXSourcesBuildPhase;
			buildActionMask = 2147483647;
			files = (
				14D0C0D328698E7C00BFA099 /* Quote.swift in Sources */,
				14D0C0C528698C0000BFA099 /* ViewController.swift in Sources */,
				14D0C0C128698C0000BFA099 /* AppDelegate.swift in Sources */,
				14D0C0C328698C0000BFA099 /* SceneDelegate.swift in Sources */,
			);
			runOnlyForDeploymentPostprocessing = 0;
		};
		14D0C0D428699E1900BFA099 /* Sources */ = {
			isa = PBXSourcesBuildPhase;
			buildActionMask = 2147483647;
			files = (
				14D0C0ED28699F7F00BFA099 /* SeguePushViewController.swift in Sources */,
				14D0C0F12869A23300BFA099 /* CodePushViewController.swift in Sources */,
				14D0C0DF28699E1900BFA099 /* ViewController.swift in Sources */,
				14D0C0DB28699E1900BFA099 /* AppDelegate.swift in Sources */,
				14D0C0F32869A3C700BFA099 /* CodePresentViewController.swift in Sources */,
				14D0C0EF2869A10100BFA099 /* SeguePresentViewController.swift in Sources */,
				14D0C0DD28699E1900BFA099 /* SceneDelegate.swift in Sources */,
			);
			runOnlyForDeploymentPostprocessing = 0;
		};
		14D0C0F42869B8EC00BFA099 /* Sources */ = {
			isa = PBXSourcesBuildPhase;
			buildActionMask = 2147483647;
			files = (
				14D0C0FF2869B8EC00BFA099 /* ViewController.swift in Sources */,
				14D0C0FB2869B8EC00BFA099 /* AppDelegate.swift in Sources */,
				14D0C0FD2869B8EC00BFA099 /* SceneDelegate.swift in Sources */,
				14D0C10D2869BD8D00BFA099 /* SettingViewController.swift in Sources */,
			);
			runOnlyForDeploymentPostprocessing = 0;
		};
		14D0C10E286AEC8D00BFA099 /* Sources */ = {
			isa = PBXSourcesBuildPhase;
			buildActionMask = 2147483647;
			files = (
				14D0C127286AF3D700BFA099 /* RoundButton.swift in Sources */,
				14D0C119286AEC8D00BFA099 /* ViewController.swift in Sources */,
				14D0C115286AEC8D00BFA099 /* AppDelegate.swift in Sources */,
				14D0C117286AEC8D00BFA099 /* SceneDelegate.swift in Sources */,
			);
			runOnlyForDeploymentPostprocessing = 0;
		};
		14D0C128286B1C2C00BFA099 /* Sources */ = {
			isa = PBXSourcesBuildPhase;
			buildActionMask = 2147483647;
			files = (
				14D0C141286B237500BFA099 /* Task.swift in Sources */,
				14D0C133286B1C2C00BFA099 /* ViewController.swift in Sources */,
				14D0C12F286B1C2C00BFA099 /* AppDelegate.swift in Sources */,
				14D0C131286B1C2C00BFA099 /* SceneDelegate.swift in Sources */,
			);
			runOnlyForDeploymentPostprocessing = 0;
		};
		14D0C142286C06F400BFA099 /* Sources */ = {
			isa = PBXSourcesBuildPhase;
			buildActionMask = 2147483647;
			files = (
				14D0C14D286C06F500BFA099 /* ViewController.swift in Sources */,
				14D0C161286C11AD00BFA099 /* WriteDiaryViewController.swift in Sources */,
				14D0C15F286C105100BFA099 /* StarCell.swift in Sources */,
				14D0C149286C06F500BFA099 /* AppDelegate.swift in Sources */,
				14D0C14B286C06F500BFA099 /* SceneDelegate.swift in Sources */,
				14D0C168286C1EA500BFA099 /* Diary.swift in Sources */,
				14D0C163286C11EC00BFA099 /* DiaryDetailViewController.swift in Sources */,
				14D0C15B286C0F5A00BFA099 /* DiaryCell.swift in Sources */,
				14D0C15D286C0F8D00BFA099 /* StarViewController.swift in Sources */,
			);
			runOnlyForDeploymentPostprocessing = 0;
		};
		14EF2924286D56260031DD36 /* Sources */ = {
			isa = PBXSourcesBuildPhase;
			buildActionMask = 2147483647;
			files = (
				14EF292F286D56260031DD36 /* ViewController.swift in Sources */,
				14EF292B286D56260031DD36 /* AppDelegate.swift in Sources */,
				14EF292D286D56260031DD36 /* SceneDelegate.swift in Sources */,
			);
			runOnlyForDeploymentPostprocessing = 0;
		};
/* End PBXSourcesBuildPhase section */

/* Begin PBXVariantGroup section */
		14D0C0AE2869884500BFA099 /* Main.storyboard */ = {
			isa = PBXVariantGroup;
			children = (
				14D0C0AF2869884500BFA099 /* Base */,
			);
			name = Main.storyboard;
			sourceTree = "<group>";
		};
		14D0C0B32869884900BFA099 /* LaunchScreen.storyboard */ = {
			isa = PBXVariantGroup;
			children = (
				14D0C0B42869884900BFA099 /* Base */,
			);
			name = LaunchScreen.storyboard;
			sourceTree = "<group>";
		};
		14D0C0C628698C0000BFA099 /* Main.storyboard */ = {
			isa = PBXVariantGroup;
			children = (
				14D0C0C728698C0000BFA099 /* Base */,
			);
			name = Main.storyboard;
			sourceTree = "<group>";
		};
		14D0C0CB28698C0700BFA099 /* LaunchScreen.storyboard */ = {
			isa = PBXVariantGroup;
			children = (
				14D0C0CC28698C0700BFA099 /* Base */,
			);
			name = LaunchScreen.storyboard;
			sourceTree = "<group>";
		};
		14D0C0E028699E1900BFA099 /* Main.storyboard */ = {
			isa = PBXVariantGroup;
			children = (
				14D0C0E128699E1900BFA099 /* Base */,
			);
			name = Main.storyboard;
			sourceTree = "<group>";
		};
		14D0C0E528699E1C00BFA099 /* LaunchScreen.storyboard */ = {
			isa = PBXVariantGroup;
			children = (
				14D0C0E628699E1C00BFA099 /* Base */,
			);
			name = LaunchScreen.storyboard;
			sourceTree = "<group>";
		};
		14D0C1002869B8EC00BFA099 /* Main.storyboard */ = {
			isa = PBXVariantGroup;
			children = (
				14D0C1012869B8EC00BFA099 /* Base */,
			);
			name = Main.storyboard;
			sourceTree = "<group>";
		};
		14D0C1052869B8EE00BFA099 /* LaunchScreen.storyboard */ = {
			isa = PBXVariantGroup;
			children = (
				14D0C1062869B8EE00BFA099 /* Base */,
			);
			name = LaunchScreen.storyboard;
			sourceTree = "<group>";
		};
		14D0C11A286AEC8D00BFA099 /* Main.storyboard */ = {
			isa = PBXVariantGroup;
			children = (
				14D0C11B286AEC8D00BFA099 /* Base */,
			);
			name = Main.storyboard;
			sourceTree = "<group>";
		};
		14D0C11F286AEC9300BFA099 /* LaunchScreen.storyboard */ = {
			isa = PBXVariantGroup;
			children = (
				14D0C120286AEC9300BFA099 /* Base */,
			);
			name = LaunchScreen.storyboard;
			sourceTree = "<group>";
		};
		14D0C134286B1C2C00BFA099 /* Main.storyboard */ = {
			isa = PBXVariantGroup;
			children = (
				14D0C135286B1C2C00BFA099 /* Base */,
			);
			name = Main.storyboard;
			sourceTree = "<group>";
		};
		14D0C139286B1C3100BFA099 /* LaunchScreen.storyboard */ = {
			isa = PBXVariantGroup;
			children = (
				14D0C13A286B1C3100BFA099 /* Base */,
			);
			name = LaunchScreen.storyboard;
			sourceTree = "<group>";
		};
		14D0C14E286C06F500BFA099 /* Main.storyboard */ = {
			isa = PBXVariantGroup;
			children = (
				14D0C14F286C06F500BFA099 /* Base */,
			);
			name = Main.storyboard;
			sourceTree = "<group>";
		};
		14D0C153286C06F700BFA099 /* LaunchScreen.storyboard */ = {
			isa = PBXVariantGroup;
			children = (
				14D0C154286C06F700BFA099 /* Base */,
			);
			name = LaunchScreen.storyboard;
			sourceTree = "<group>";
		};
		14EF2930286D56260031DD36 /* Main.storyboard */ = {
			isa = PBXVariantGroup;
			children = (
				14EF2931286D56260031DD36 /* Base */,
			);
			name = Main.storyboard;
			sourceTree = "<group>";
		};
		14EF2935286D56290031DD36 /* LaunchScreen.storyboard */ = {
			isa = PBXVariantGroup;
			children = (
				14EF2936286D56290031DD36 /* Base */,
			);
			name = LaunchScreen.storyboard;
			sourceTree = "<group>";
		};
/* End PBXVariantGroup section */

/* Begin XCBuildConfiguration section */
		14D0C085286983B400BFA099 /* Debug */ = {
			isa = XCBuildConfiguration;
			buildSettings = {
				ALWAYS_SEARCH_USER_PATHS = NO;
				CLANG_ANALYZER_NONNULL = YES;
				CLANG_ANALYZER_NUMBER_OBJECT_CONVERSION = YES_AGGRESSIVE;
				CLANG_CXX_LANGUAGE_STANDARD = "gnu++17";
				CLANG_ENABLE_MODULES = YES;
				CLANG_ENABLE_OBJC_ARC = YES;
				CLANG_ENABLE_OBJC_WEAK = YES;
				CLANG_WARN_BLOCK_CAPTURE_AUTORELEASING = YES;
				CLANG_WARN_BOOL_CONVERSION = YES;
				CLANG_WARN_COMMA = YES;
				CLANG_WARN_CONSTANT_CONVERSION = YES;
				CLANG_WARN_DEPRECATED_OBJC_IMPLEMENTATIONS = YES;
				CLANG_WARN_DIRECT_OBJC_ISA_USAGE = YES_ERROR;
				CLANG_WARN_DOCUMENTATION_COMMENTS = YES;
				CLANG_WARN_EMPTY_BODY = YES;
				CLANG_WARN_ENUM_CONVERSION = YES;
				CLANG_WARN_INFINITE_RECURSION = YES;
				CLANG_WARN_INT_CONVERSION = YES;
				CLANG_WARN_NON_LITERAL_NULL_CONVERSION = YES;
				CLANG_WARN_OBJC_IMPLICIT_RETAIN_SELF = YES;
				CLANG_WARN_OBJC_LITERAL_CONVERSION = YES;
				CLANG_WARN_OBJC_ROOT_CLASS = YES_ERROR;
				CLANG_WARN_QUOTED_INCLUDE_IN_FRAMEWORK_HEADER = YES;
				CLANG_WARN_RANGE_LOOP_ANALYSIS = YES;
				CLANG_WARN_STRICT_PROTOTYPES = YES;
				CLANG_WARN_SUSPICIOUS_MOVE = YES;
				CLANG_WARN_UNGUARDED_AVAILABILITY = YES_AGGRESSIVE;
				CLANG_WARN_UNREACHABLE_CODE = YES;
				CLANG_WARN__DUPLICATE_METHOD_MATCH = YES;
				COPY_PHASE_STRIP = NO;
				DEBUG_INFORMATION_FORMAT = dwarf;
				ENABLE_STRICT_OBJC_MSGSEND = YES;
				ENABLE_TESTABILITY = YES;
				GCC_C_LANGUAGE_STANDARD = gnu11;
				GCC_DYNAMIC_NO_PIC = NO;
				GCC_NO_COMMON_BLOCKS = YES;
				GCC_OPTIMIZATION_LEVEL = 0;
				GCC_PREPROCESSOR_DEFINITIONS = (
					"DEBUG=1",
					"$(inherited)",
				);
				GCC_WARN_64_TO_32_BIT_CONVERSION = YES;
				GCC_WARN_ABOUT_RETURN_TYPE = YES_ERROR;
				GCC_WARN_UNDECLARED_SELECTOR = YES;
				GCC_WARN_UNINITIALIZED_AUTOS = YES_AGGRESSIVE;
				GCC_WARN_UNUSED_FUNCTION = YES;
				GCC_WARN_UNUSED_VARIABLE = YES;
				IPHONEOS_DEPLOYMENT_TARGET = 15.4;
				MTL_ENABLE_DEBUG_INFO = INCLUDE_SOURCE;
				MTL_FAST_MATH = YES;
				ONLY_ACTIVE_ARCH = YES;
				SDKROOT = iphoneos;
				SWIFT_ACTIVE_COMPILATION_CONDITIONS = DEBUG;
				SWIFT_OPTIMIZATION_LEVEL = "-Onone";
			};
			name = Debug;
		};
		14D0C086286983B400BFA099 /* Release */ = {
			isa = XCBuildConfiguration;
			buildSettings = {
				ALWAYS_SEARCH_USER_PATHS = NO;
				CLANG_ANALYZER_NONNULL = YES;
				CLANG_ANALYZER_NUMBER_OBJECT_CONVERSION = YES_AGGRESSIVE;
				CLANG_CXX_LANGUAGE_STANDARD = "gnu++17";
				CLANG_ENABLE_MODULES = YES;
				CLANG_ENABLE_OBJC_ARC = YES;
				CLANG_ENABLE_OBJC_WEAK = YES;
				CLANG_WARN_BLOCK_CAPTURE_AUTORELEASING = YES;
				CLANG_WARN_BOOL_CONVERSION = YES;
				CLANG_WARN_COMMA = YES;
				CLANG_WARN_CONSTANT_CONVERSION = YES;
				CLANG_WARN_DEPRECATED_OBJC_IMPLEMENTATIONS = YES;
				CLANG_WARN_DIRECT_OBJC_ISA_USAGE = YES_ERROR;
				CLANG_WARN_DOCUMENTATION_COMMENTS = YES;
				CLANG_WARN_EMPTY_BODY = YES;
				CLANG_WARN_ENUM_CONVERSION = YES;
				CLANG_WARN_INFINITE_RECURSION = YES;
				CLANG_WARN_INT_CONVERSION = YES;
				CLANG_WARN_NON_LITERAL_NULL_CONVERSION = YES;
				CLANG_WARN_OBJC_IMPLICIT_RETAIN_SELF = YES;
				CLANG_WARN_OBJC_LITERAL_CONVERSION = YES;
				CLANG_WARN_OBJC_ROOT_CLASS = YES_ERROR;
				CLANG_WARN_QUOTED_INCLUDE_IN_FRAMEWORK_HEADER = YES;
				CLANG_WARN_RANGE_LOOP_ANALYSIS = YES;
				CLANG_WARN_STRICT_PROTOTYPES = YES;
				CLANG_WARN_SUSPICIOUS_MOVE = YES;
				CLANG_WARN_UNGUARDED_AVAILABILITY = YES_AGGRESSIVE;
				CLANG_WARN_UNREACHABLE_CODE = YES;
				CLANG_WARN__DUPLICATE_METHOD_MATCH = YES;
				COPY_PHASE_STRIP = NO;
				DEBUG_INFORMATION_FORMAT = "dwarf-with-dsym";
				ENABLE_NS_ASSERTIONS = NO;
				ENABLE_STRICT_OBJC_MSGSEND = YES;
				GCC_C_LANGUAGE_STANDARD = gnu11;
				GCC_NO_COMMON_BLOCKS = YES;
				GCC_WARN_64_TO_32_BIT_CONVERSION = YES;
				GCC_WARN_ABOUT_RETURN_TYPE = YES_ERROR;
				GCC_WARN_UNDECLARED_SELECTOR = YES;
				GCC_WARN_UNINITIALIZED_AUTOS = YES_AGGRESSIVE;
				GCC_WARN_UNUSED_FUNCTION = YES;
				GCC_WARN_UNUSED_VARIABLE = YES;
				IPHONEOS_DEPLOYMENT_TARGET = 15.4;
				MTL_ENABLE_DEBUG_INFO = NO;
				MTL_FAST_MATH = YES;
				SDKROOT = iphoneos;
				SWIFT_COMPILATION_MODE = wholemodule;
				SWIFT_OPTIMIZATION_LEVEL = "-O";
				VALIDATE_PRODUCT = YES;
			};
			name = Release;
		};
		14D0C0B82869884900BFA099 /* Debug */ = {
			isa = XCBuildConfiguration;
			buildSettings = {
				ASSETCATALOG_COMPILER_APPICON_NAME = AppIcon;
				ASSETCATALOG_COMPILER_GLOBAL_ACCENT_COLOR_NAME = AccentColor;
				CODE_SIGN_STYLE = Automatic;
				CURRENT_PROJECT_VERSION = 1;
				DEVELOPMENT_TEAM = 99KS64JD42;
				GENERATE_INFOPLIST_FILE = YES;
				INFOPLIST_FILE = AutoLayoutExample/Info.plist;
				INFOPLIST_KEY_UIApplicationSupportsIndirectInputEvents = YES;
				INFOPLIST_KEY_UILaunchStoryboardName = LaunchScreen;
				INFOPLIST_KEY_UIMainStoryboardFile = Main;
				INFOPLIST_KEY_UISupportedInterfaceOrientations_iPad = "UIInterfaceOrientationPortrait UIInterfaceOrientationPortraitUpsideDown UIInterfaceOrientationLandscapeLeft UIInterfaceOrientationLandscapeRight";
				INFOPLIST_KEY_UISupportedInterfaceOrientations_iPhone = "UIInterfaceOrientationPortrait UIInterfaceOrientationLandscapeLeft UIInterfaceOrientationLandscapeRight";
				LD_RUNPATH_SEARCH_PATHS = (
					"$(inherited)",
					"@executable_path/Frameworks",
				);
				MARKETING_VERSION = 1.0;
				PRODUCT_BUNDLE_IDENTIFIER = com.jeon.AutoLayoutExample;
				PRODUCT_NAME = "$(TARGET_NAME)";
				SWIFT_EMIT_LOC_STRINGS = YES;
				SWIFT_VERSION = 5.0;
				TARGETED_DEVICE_FAMILY = "1,2";
			};
			name = Debug;
		};
		14D0C0B92869884900BFA099 /* Release */ = {
			isa = XCBuildConfiguration;
			buildSettings = {
				ASSETCATALOG_COMPILER_APPICON_NAME = AppIcon;
				ASSETCATALOG_COMPILER_GLOBAL_ACCENT_COLOR_NAME = AccentColor;
				CODE_SIGN_STYLE = Automatic;
				CURRENT_PROJECT_VERSION = 1;
				DEVELOPMENT_TEAM = 99KS64JD42;
				GENERATE_INFOPLIST_FILE = YES;
				INFOPLIST_FILE = AutoLayoutExample/Info.plist;
				INFOPLIST_KEY_UIApplicationSupportsIndirectInputEvents = YES;
				INFOPLIST_KEY_UILaunchStoryboardName = LaunchScreen;
				INFOPLIST_KEY_UIMainStoryboardFile = Main;
				INFOPLIST_KEY_UISupportedInterfaceOrientations_iPad = "UIInterfaceOrientationPortrait UIInterfaceOrientationPortraitUpsideDown UIInterfaceOrientationLandscapeLeft UIInterfaceOrientationLandscapeRight";
				INFOPLIST_KEY_UISupportedInterfaceOrientations_iPhone = "UIInterfaceOrientationPortrait UIInterfaceOrientationLandscapeLeft UIInterfaceOrientationLandscapeRight";
				LD_RUNPATH_SEARCH_PATHS = (
					"$(inherited)",
					"@executable_path/Frameworks",
				);
				MARKETING_VERSION = 1.0;
				PRODUCT_BUNDLE_IDENTIFIER = com.jeon.AutoLayoutExample;
				PRODUCT_NAME = "$(TARGET_NAME)";
				SWIFT_EMIT_LOC_STRINGS = YES;
				SWIFT_VERSION = 5.0;
				TARGETED_DEVICE_FAMILY = "1,2";
			};
			name = Release;
		};
		14D0C0D028698C0700BFA099 /* Debug */ = {
			isa = XCBuildConfiguration;
			buildSettings = {
				ASSETCATALOG_COMPILER_APPICON_NAME = AppIcon;
				ASSETCATALOG_COMPILER_GLOBAL_ACCENT_COLOR_NAME = AccentColor;
				CODE_SIGN_STYLE = Automatic;
				CURRENT_PROJECT_VERSION = 1;
				DEVELOPMENT_TEAM = 99KS64JD42;
				GENERATE_INFOPLIST_FILE = YES;
				INFOPLIST_FILE = QuoteGenerator/Info.plist;
				INFOPLIST_KEY_UIApplicationSupportsIndirectInputEvents = YES;
				INFOPLIST_KEY_UILaunchStoryboardName = LaunchScreen;
				INFOPLIST_KEY_UIMainStoryboardFile = Main;
				INFOPLIST_KEY_UISupportedInterfaceOrientations_iPad = "UIInterfaceOrientationPortrait UIInterfaceOrientationPortraitUpsideDown UIInterfaceOrientationLandscapeLeft UIInterfaceOrientationLandscapeRight";
				INFOPLIST_KEY_UISupportedInterfaceOrientations_iPhone = "UIInterfaceOrientationPortrait UIInterfaceOrientationLandscapeLeft UIInterfaceOrientationLandscapeRight";
				LD_RUNPATH_SEARCH_PATHS = (
					"$(inherited)",
					"@executable_path/Frameworks",
				);
				MARKETING_VERSION = 1.0;
				PRODUCT_BUNDLE_IDENTIFIER = com.jeon.QuoteGenerator;
				PRODUCT_NAME = "$(TARGET_NAME)";
				SWIFT_EMIT_LOC_STRINGS = YES;
				SWIFT_VERSION = 5.0;
				TARGETED_DEVICE_FAMILY = "1,2";
			};
			name = Debug;
		};
		14D0C0D128698C0700BFA099 /* Release */ = {
			isa = XCBuildConfiguration;
			buildSettings = {
				ASSETCATALOG_COMPILER_APPICON_NAME = AppIcon;
				ASSETCATALOG_COMPILER_GLOBAL_ACCENT_COLOR_NAME = AccentColor;
				CODE_SIGN_STYLE = Automatic;
				CURRENT_PROJECT_VERSION = 1;
				DEVELOPMENT_TEAM = 99KS64JD42;
				GENERATE_INFOPLIST_FILE = YES;
				INFOPLIST_FILE = QuoteGenerator/Info.plist;
				INFOPLIST_KEY_UIApplicationSupportsIndirectInputEvents = YES;
				INFOPLIST_KEY_UILaunchStoryboardName = LaunchScreen;
				INFOPLIST_KEY_UIMainStoryboardFile = Main;
				INFOPLIST_KEY_UISupportedInterfaceOrientations_iPad = "UIInterfaceOrientationPortrait UIInterfaceOrientationPortraitUpsideDown UIInterfaceOrientationLandscapeLeft UIInterfaceOrientationLandscapeRight";
				INFOPLIST_KEY_UISupportedInterfaceOrientations_iPhone = "UIInterfaceOrientationPortrait UIInterfaceOrientationLandscapeLeft UIInterfaceOrientationLandscapeRight";
				LD_RUNPATH_SEARCH_PATHS = (
					"$(inherited)",
					"@executable_path/Frameworks",
				);
				MARKETING_VERSION = 1.0;
				PRODUCT_BUNDLE_IDENTIFIER = com.jeon.QuoteGenerator;
				PRODUCT_NAME = "$(TARGET_NAME)";
				SWIFT_EMIT_LOC_STRINGS = YES;
				SWIFT_VERSION = 5.0;
				TARGETED_DEVICE_FAMILY = "1,2";
			};
			name = Release;
		};
		14D0C0EA28699E1C00BFA099 /* Debug */ = {
			isa = XCBuildConfiguration;
			buildSettings = {
				ASSETCATALOG_COMPILER_APPICON_NAME = AppIcon;
				ASSETCATALOG_COMPILER_GLOBAL_ACCENT_COLOR_NAME = AccentColor;
				CODE_SIGN_STYLE = Automatic;
				CURRENT_PROJECT_VERSION = 1;
				DEVELOPMENT_TEAM = 99KS64JD42;
				GENERATE_INFOPLIST_FILE = YES;
				INFOPLIST_FILE = ScreenTransactionExample/Info.plist;
				INFOPLIST_KEY_UIApplicationSupportsIndirectInputEvents = YES;
				INFOPLIST_KEY_UILaunchStoryboardName = LaunchScreen;
				INFOPLIST_KEY_UIMainStoryboardFile = Main;
				INFOPLIST_KEY_UISupportedInterfaceOrientations_iPad = "UIInterfaceOrientationPortrait UIInterfaceOrientationPortraitUpsideDown UIInterfaceOrientationLandscapeLeft UIInterfaceOrientationLandscapeRight";
				INFOPLIST_KEY_UISupportedInterfaceOrientations_iPhone = "UIInterfaceOrientationPortrait UIInterfaceOrientationLandscapeLeft UIInterfaceOrientationLandscapeRight";
				LD_RUNPATH_SEARCH_PATHS = (
					"$(inherited)",
					"@executable_path/Frameworks",
				);
				MARKETING_VERSION = 1.0;
				PRODUCT_BUNDLE_IDENTIFIER = com.jeon.ScreenTransactionExample;
				PRODUCT_NAME = "$(TARGET_NAME)";
				SWIFT_EMIT_LOC_STRINGS = YES;
				SWIFT_VERSION = 5.0;
				TARGETED_DEVICE_FAMILY = "1,2";
			};
			name = Debug;
		};
		14D0C0EB28699E1C00BFA099 /* Release */ = {
			isa = XCBuildConfiguration;
			buildSettings = {
				ASSETCATALOG_COMPILER_APPICON_NAME = AppIcon;
				ASSETCATALOG_COMPILER_GLOBAL_ACCENT_COLOR_NAME = AccentColor;
				CODE_SIGN_STYLE = Automatic;
				CURRENT_PROJECT_VERSION = 1;
				DEVELOPMENT_TEAM = 99KS64JD42;
				GENERATE_INFOPLIST_FILE = YES;
				INFOPLIST_FILE = ScreenTransactionExample/Info.plist;
				INFOPLIST_KEY_UIApplicationSupportsIndirectInputEvents = YES;
				INFOPLIST_KEY_UILaunchStoryboardName = LaunchScreen;
				INFOPLIST_KEY_UIMainStoryboardFile = Main;
				INFOPLIST_KEY_UISupportedInterfaceOrientations_iPad = "UIInterfaceOrientationPortrait UIInterfaceOrientationPortraitUpsideDown UIInterfaceOrientationLandscapeLeft UIInterfaceOrientationLandscapeRight";
				INFOPLIST_KEY_UISupportedInterfaceOrientations_iPhone = "UIInterfaceOrientationPortrait UIInterfaceOrientationLandscapeLeft UIInterfaceOrientationLandscapeRight";
				LD_RUNPATH_SEARCH_PATHS = (
					"$(inherited)",
					"@executable_path/Frameworks",
				);
				MARKETING_VERSION = 1.0;
				PRODUCT_BUNDLE_IDENTIFIER = com.jeon.ScreenTransactionExample;
				PRODUCT_NAME = "$(TARGET_NAME)";
				SWIFT_EMIT_LOC_STRINGS = YES;
				SWIFT_VERSION = 5.0;
				TARGETED_DEVICE_FAMILY = "1,2";
			};
			name = Release;
		};
		14D0C10A2869B8EE00BFA099 /* Debug */ = {
			isa = XCBuildConfiguration;
			buildSettings = {
				ASSETCATALOG_COMPILER_APPICON_NAME = AppIcon;
				ASSETCATALOG_COMPILER_GLOBAL_ACCENT_COLOR_NAME = AccentColor;
				CODE_SIGN_STYLE = Automatic;
				CURRENT_PROJECT_VERSION = 1;
				DEVELOPMENT_TEAM = 99KS64JD42;
				GENERATE_INFOPLIST_FILE = YES;
				INFOPLIST_FILE = LEDBoard/Info.plist;
				INFOPLIST_KEY_UIApplicationSupportsIndirectInputEvents = YES;
				INFOPLIST_KEY_UILaunchStoryboardName = LaunchScreen;
				INFOPLIST_KEY_UIMainStoryboardFile = Main;
				INFOPLIST_KEY_UISupportedInterfaceOrientations_iPad = "UIInterfaceOrientationPortrait UIInterfaceOrientationPortraitUpsideDown UIInterfaceOrientationLandscapeLeft UIInterfaceOrientationLandscapeRight";
				INFOPLIST_KEY_UISupportedInterfaceOrientations_iPhone = "UIInterfaceOrientationPortrait UIInterfaceOrientationLandscapeLeft UIInterfaceOrientationLandscapeRight";
				LD_RUNPATH_SEARCH_PATHS = (
					"$(inherited)",
					"@executable_path/Frameworks",
				);
				MARKETING_VERSION = 1.0;
				PRODUCT_BUNDLE_IDENTIFIER = com.jeon.LEDBoard;
				PRODUCT_NAME = "$(TARGET_NAME)";
				SWIFT_EMIT_LOC_STRINGS = YES;
				SWIFT_VERSION = 5.0;
				TARGETED_DEVICE_FAMILY = "1,2";
			};
			name = Debug;
		};
		14D0C10B2869B8EE00BFA099 /* Release */ = {
			isa = XCBuildConfiguration;
			buildSettings = {
				ASSETCATALOG_COMPILER_APPICON_NAME = AppIcon;
				ASSETCATALOG_COMPILER_GLOBAL_ACCENT_COLOR_NAME = AccentColor;
				CODE_SIGN_STYLE = Automatic;
				CURRENT_PROJECT_VERSION = 1;
				DEVELOPMENT_TEAM = 99KS64JD42;
				GENERATE_INFOPLIST_FILE = YES;
				INFOPLIST_FILE = LEDBoard/Info.plist;
				INFOPLIST_KEY_UIApplicationSupportsIndirectInputEvents = YES;
				INFOPLIST_KEY_UILaunchStoryboardName = LaunchScreen;
				INFOPLIST_KEY_UIMainStoryboardFile = Main;
				INFOPLIST_KEY_UISupportedInterfaceOrientations_iPad = "UIInterfaceOrientationPortrait UIInterfaceOrientationPortraitUpsideDown UIInterfaceOrientationLandscapeLeft UIInterfaceOrientationLandscapeRight";
				INFOPLIST_KEY_UISupportedInterfaceOrientations_iPhone = "UIInterfaceOrientationPortrait UIInterfaceOrientationLandscapeLeft UIInterfaceOrientationLandscapeRight";
				LD_RUNPATH_SEARCH_PATHS = (
					"$(inherited)",
					"@executable_path/Frameworks",
				);
				MARKETING_VERSION = 1.0;
				PRODUCT_BUNDLE_IDENTIFIER = com.jeon.LEDBoard;
				PRODUCT_NAME = "$(TARGET_NAME)";
				SWIFT_EMIT_LOC_STRINGS = YES;
				SWIFT_VERSION = 5.0;
				TARGETED_DEVICE_FAMILY = "1,2";
			};
			name = Release;
		};
		14D0C124286AEC9300BFA099 /* Debug */ = {
			isa = XCBuildConfiguration;
			buildSettings = {
				ASSETCATALOG_COMPILER_APPICON_NAME = AppIcon;
				ASSETCATALOG_COMPILER_GLOBAL_ACCENT_COLOR_NAME = AccentColor;
				CODE_SIGN_STYLE = Automatic;
				CURRENT_PROJECT_VERSION = 1;
				DEVELOPMENT_TEAM = 99KS64JD42;
				GENERATE_INFOPLIST_FILE = YES;
				INFOPLIST_FILE = Calculator/Info.plist;
				INFOPLIST_KEY_UIApplicationSupportsIndirectInputEvents = YES;
				INFOPLIST_KEY_UILaunchStoryboardName = LaunchScreen;
				INFOPLIST_KEY_UIMainStoryboardFile = Main;
				INFOPLIST_KEY_UISupportedInterfaceOrientations_iPad = "UIInterfaceOrientationPortrait UIInterfaceOrientationPortraitUpsideDown UIInterfaceOrientationLandscapeLeft UIInterfaceOrientationLandscapeRight";
				INFOPLIST_KEY_UISupportedInterfaceOrientations_iPhone = "UIInterfaceOrientationPortrait UIInterfaceOrientationLandscapeLeft UIInterfaceOrientationLandscapeRight";
				LD_RUNPATH_SEARCH_PATHS = (
					"$(inherited)",
					"@executable_path/Frameworks",
				);
				MARKETING_VERSION = 1.0;
				PRODUCT_BUNDLE_IDENTIFIER = com.jeon.Calculator;
				PRODUCT_NAME = "$(TARGET_NAME)";
				SWIFT_EMIT_LOC_STRINGS = YES;
				SWIFT_VERSION = 5.0;
				TARGETED_DEVICE_FAMILY = "1,2";
			};
			name = Debug;
		};
		14D0C125286AEC9300BFA099 /* Release */ = {
			isa = XCBuildConfiguration;
			buildSettings = {
				ASSETCATALOG_COMPILER_APPICON_NAME = AppIcon;
				ASSETCATALOG_COMPILER_GLOBAL_ACCENT_COLOR_NAME = AccentColor;
				CODE_SIGN_STYLE = Automatic;
				CURRENT_PROJECT_VERSION = 1;
				DEVELOPMENT_TEAM = 99KS64JD42;
				GENERATE_INFOPLIST_FILE = YES;
				INFOPLIST_FILE = Calculator/Info.plist;
				INFOPLIST_KEY_UIApplicationSupportsIndirectInputEvents = YES;
				INFOPLIST_KEY_UILaunchStoryboardName = LaunchScreen;
				INFOPLIST_KEY_UIMainStoryboardFile = Main;
				INFOPLIST_KEY_UISupportedInterfaceOrientations_iPad = "UIInterfaceOrientationPortrait UIInterfaceOrientationPortraitUpsideDown UIInterfaceOrientationLandscapeLeft UIInterfaceOrientationLandscapeRight";
				INFOPLIST_KEY_UISupportedInterfaceOrientations_iPhone = "UIInterfaceOrientationPortrait UIInterfaceOrientationLandscapeLeft UIInterfaceOrientationLandscapeRight";
				LD_RUNPATH_SEARCH_PATHS = (
					"$(inherited)",
					"@executable_path/Frameworks",
				);
				MARKETING_VERSION = 1.0;
				PRODUCT_BUNDLE_IDENTIFIER = com.jeon.Calculator;
				PRODUCT_NAME = "$(TARGET_NAME)";
				SWIFT_EMIT_LOC_STRINGS = YES;
				SWIFT_VERSION = 5.0;
				TARGETED_DEVICE_FAMILY = "1,2";
			};
			name = Release;
		};
		14D0C13E286B1C3100BFA099 /* Debug */ = {
			isa = XCBuildConfiguration;
			buildSettings = {
				ASSETCATALOG_COMPILER_APPICON_NAME = AppIcon;
				ASSETCATALOG_COMPILER_GLOBAL_ACCENT_COLOR_NAME = AccentColor;
				CODE_SIGN_STYLE = Automatic;
				CURRENT_PROJECT_VERSION = 1;
				DEVELOPMENT_TEAM = 99KS64JD42;
				GENERATE_INFOPLIST_FILE = YES;
				INFOPLIST_FILE = TodoList/Info.plist;
				INFOPLIST_KEY_UIApplicationSupportsIndirectInputEvents = YES;
				INFOPLIST_KEY_UILaunchStoryboardName = LaunchScreen;
				INFOPLIST_KEY_UIMainStoryboardFile = Main;
				INFOPLIST_KEY_UISupportedInterfaceOrientations_iPad = "UIInterfaceOrientationPortrait UIInterfaceOrientationPortraitUpsideDown UIInterfaceOrientationLandscapeLeft UIInterfaceOrientationLandscapeRight";
				INFOPLIST_KEY_UISupportedInterfaceOrientations_iPhone = "UIInterfaceOrientationPortrait UIInterfaceOrientationLandscapeLeft UIInterfaceOrientationLandscapeRight";
				LD_RUNPATH_SEARCH_PATHS = (
					"$(inherited)",
					"@executable_path/Frameworks",
				);
				MARKETING_VERSION = 1.0;
				PRODUCT_BUNDLE_IDENTIFIER = com.jeon.TodoList;
				PRODUCT_NAME = "$(TARGET_NAME)";
				SWIFT_EMIT_LOC_STRINGS = YES;
				SWIFT_VERSION = 5.0;
				TARGETED_DEVICE_FAMILY = "1,2";
			};
			name = Debug;
		};
		14D0C13F286B1C3100BFA099 /* Release */ = {
			isa = XCBuildConfiguration;
			buildSettings = {
				ASSETCATALOG_COMPILER_APPICON_NAME = AppIcon;
				ASSETCATALOG_COMPILER_GLOBAL_ACCENT_COLOR_NAME = AccentColor;
				CODE_SIGN_STYLE = Automatic;
				CURRENT_PROJECT_VERSION = 1;
				DEVELOPMENT_TEAM = 99KS64JD42;
				GENERATE_INFOPLIST_FILE = YES;
				INFOPLIST_FILE = TodoList/Info.plist;
				INFOPLIST_KEY_UIApplicationSupportsIndirectInputEvents = YES;
				INFOPLIST_KEY_UILaunchStoryboardName = LaunchScreen;
				INFOPLIST_KEY_UIMainStoryboardFile = Main;
				INFOPLIST_KEY_UISupportedInterfaceOrientations_iPad = "UIInterfaceOrientationPortrait UIInterfaceOrientationPortraitUpsideDown UIInterfaceOrientationLandscapeLeft UIInterfaceOrientationLandscapeRight";
				INFOPLIST_KEY_UISupportedInterfaceOrientations_iPhone = "UIInterfaceOrientationPortrait UIInterfaceOrientationLandscapeLeft UIInterfaceOrientationLandscapeRight";
				LD_RUNPATH_SEARCH_PATHS = (
					"$(inherited)",
					"@executable_path/Frameworks",
				);
				MARKETING_VERSION = 1.0;
				PRODUCT_BUNDLE_IDENTIFIER = com.jeon.TodoList;
				PRODUCT_NAME = "$(TARGET_NAME)";
				SWIFT_EMIT_LOC_STRINGS = YES;
				SWIFT_VERSION = 5.0;
				TARGETED_DEVICE_FAMILY = "1,2";
			};
			name = Release;
		};
		14D0C158286C06F700BFA099 /* Debug */ = {
			isa = XCBuildConfiguration;
			buildSettings = {
				ASSETCATALOG_COMPILER_APPICON_NAME = AppIcon;
				ASSETCATALOG_COMPILER_GLOBAL_ACCENT_COLOR_NAME = AccentColor;
				CODE_SIGN_STYLE = Automatic;
				CURRENT_PROJECT_VERSION = 1;
				DEVELOPMENT_TEAM = 99KS64JD42;
				GENERATE_INFOPLIST_FILE = YES;
				INFOPLIST_FILE = Diary/Info.plist;
				INFOPLIST_KEY_UIApplicationSupportsIndirectInputEvents = YES;
				INFOPLIST_KEY_UILaunchStoryboardName = LaunchScreen;
				INFOPLIST_KEY_UIMainStoryboardFile = Main;
				INFOPLIST_KEY_UISupportedInterfaceOrientations_iPad = "UIInterfaceOrientationPortrait UIInterfaceOrientationPortraitUpsideDown UIInterfaceOrientationLandscapeLeft UIInterfaceOrientationLandscapeRight";
				INFOPLIST_KEY_UISupportedInterfaceOrientations_iPhone = "UIInterfaceOrientationPortrait UIInterfaceOrientationLandscapeLeft UIInterfaceOrientationLandscapeRight";
				LD_RUNPATH_SEARCH_PATHS = (
					"$(inherited)",
					"@executable_path/Frameworks",
				);
				MARKETING_VERSION = 1.0;
				PRODUCT_BUNDLE_IDENTIFIER = com.jeon.Diary;
				PRODUCT_NAME = "$(TARGET_NAME)";
				SWIFT_EMIT_LOC_STRINGS = YES;
				SWIFT_VERSION = 5.0;
				TARGETED_DEVICE_FAMILY = "1,2";
			};
			name = Debug;
		};
		14D0C159286C06F700BFA099 /* Release */ = {
			isa = XCBuildConfiguration;
			buildSettings = {
				ASSETCATALOG_COMPILER_APPICON_NAME = AppIcon;
				ASSETCATALOG_COMPILER_GLOBAL_ACCENT_COLOR_NAME = AccentColor;
				CODE_SIGN_STYLE = Automatic;
				CURRENT_PROJECT_VERSION = 1;
				DEVELOPMENT_TEAM = 99KS64JD42;
				GENERATE_INFOPLIST_FILE = YES;
				INFOPLIST_FILE = Diary/Info.plist;
				INFOPLIST_KEY_UIApplicationSupportsIndirectInputEvents = YES;
				INFOPLIST_KEY_UILaunchStoryboardName = LaunchScreen;
				INFOPLIST_KEY_UIMainStoryboardFile = Main;
				INFOPLIST_KEY_UISupportedInterfaceOrientations_iPad = "UIInterfaceOrientationPortrait UIInterfaceOrientationPortraitUpsideDown UIInterfaceOrientationLandscapeLeft UIInterfaceOrientationLandscapeRight";
				INFOPLIST_KEY_UISupportedInterfaceOrientations_iPhone = "UIInterfaceOrientationPortrait UIInterfaceOrientationLandscapeLeft UIInterfaceOrientationLandscapeRight";
				LD_RUNPATH_SEARCH_PATHS = (
					"$(inherited)",
					"@executable_path/Frameworks",
				);
				MARKETING_VERSION = 1.0;
				PRODUCT_BUNDLE_IDENTIFIER = com.jeon.Diary;
				PRODUCT_NAME = "$(TARGET_NAME)";
				SWIFT_EMIT_LOC_STRINGS = YES;
				SWIFT_VERSION = 5.0;
				TARGETED_DEVICE_FAMILY = "1,2";
			};
			name = Release;
		};
		14EF2939286D56290031DD36 /* Debug */ = {
			isa = XCBuildConfiguration;
			buildSettings = {
				ASSETCATALOG_COMPILER_APPICON_NAME = AppIcon;
				ASSETCATALOG_COMPILER_GLOBAL_ACCENT_COLOR_NAME = AccentColor;
				CODE_SIGN_STYLE = Automatic;
				CURRENT_PROJECT_VERSION = 1;
				DEVELOPMENT_TEAM = 99KS64JD42;
				GENERATE_INFOPLIST_FILE = YES;
				INFOPLIST_FILE = Pomodoro/Info.plist;
				INFOPLIST_KEY_UIApplicationSupportsIndirectInputEvents = YES;
				INFOPLIST_KEY_UILaunchStoryboardName = LaunchScreen;
				INFOPLIST_KEY_UIMainStoryboardFile = Main;
				INFOPLIST_KEY_UISupportedInterfaceOrientations_iPad = "UIInterfaceOrientationPortrait UIInterfaceOrientationPortraitUpsideDown UIInterfaceOrientationLandscapeLeft UIInterfaceOrientationLandscapeRight";
				INFOPLIST_KEY_UISupportedInterfaceOrientations_iPhone = "UIInterfaceOrientationPortrait UIInterfaceOrientationLandscapeLeft UIInterfaceOrientationLandscapeRight";
				LD_RUNPATH_SEARCH_PATHS = (
					"$(inherited)",
					"@executable_path/Frameworks",
				);
				MARKETING_VERSION = 1.0;
				PRODUCT_BUNDLE_IDENTIFIER = com.jeon.Pomodoro;
				PRODUCT_NAME = "$(TARGET_NAME)";
				SWIFT_EMIT_LOC_STRINGS = YES;
				SWIFT_VERSION = 5.0;
				TARGETED_DEVICE_FAMILY = "1,2";
			};
			name = Debug;
		};
		14EF293A286D56290031DD36 /* Release */ = {
			isa = XCBuildConfiguration;
			buildSettings = {
				ASSETCATALOG_COMPILER_APPICON_NAME = AppIcon;
				ASSETCATALOG_COMPILER_GLOBAL_ACCENT_COLOR_NAME = AccentColor;
				CODE_SIGN_STYLE = Automatic;
				CURRENT_PROJECT_VERSION = 1;
				DEVELOPMENT_TEAM = 99KS64JD42;
				GENERATE_INFOPLIST_FILE = YES;
				INFOPLIST_FILE = Pomodoro/Info.plist;
				INFOPLIST_KEY_UIApplicationSupportsIndirectInputEvents = YES;
				INFOPLIST_KEY_UILaunchStoryboardName = LaunchScreen;
				INFOPLIST_KEY_UIMainStoryboardFile = Main;
				INFOPLIST_KEY_UISupportedInterfaceOrientations_iPad = "UIInterfaceOrientationPortrait UIInterfaceOrientationPortraitUpsideDown UIInterfaceOrientationLandscapeLeft UIInterfaceOrientationLandscapeRight";
				INFOPLIST_KEY_UISupportedInterfaceOrientations_iPhone = "UIInterfaceOrientationPortrait UIInterfaceOrientationLandscapeLeft UIInterfaceOrientationLandscapeRight";
				LD_RUNPATH_SEARCH_PATHS = (
					"$(inherited)",
					"@executable_path/Frameworks",
				);
				MARKETING_VERSION = 1.0;
				PRODUCT_BUNDLE_IDENTIFIER = com.jeon.Pomodoro;
				PRODUCT_NAME = "$(TARGET_NAME)";
				SWIFT_EMIT_LOC_STRINGS = YES;
				SWIFT_VERSION = 5.0;
				TARGETED_DEVICE_FAMILY = "1,2";
			};
			name = Release;
		};
/* End XCBuildConfiguration section */

/* Begin XCConfigurationList section */
		14D0C06E286983AE00BFA099 /* Build configuration list for PBXProject "iOS_Fastcampus_Basic" */ = {
			isa = XCConfigurationList;
			buildConfigurations = (
				14D0C085286983B400BFA099 /* Debug */,
				14D0C086286983B400BFA099 /* Release */,
			);
			defaultConfigurationIsVisible = 0;
			defaultConfigurationName = Release;
		};
		14D0C0B72869884900BFA099 /* Build configuration list for PBXNativeTarget "AutoLayoutExample" */ = {
			isa = XCConfigurationList;
			buildConfigurations = (
				14D0C0B82869884900BFA099 /* Debug */,
				14D0C0B92869884900BFA099 /* Release */,
			);
			defaultConfigurationIsVisible = 0;
			defaultConfigurationName = Release;
		};
		14D0C0CF28698C0700BFA099 /* Build configuration list for PBXNativeTarget "QuoteGenerator" */ = {
			isa = XCConfigurationList;
			buildConfigurations = (
				14D0C0D028698C0700BFA099 /* Debug */,
				14D0C0D128698C0700BFA099 /* Release */,
			);
			defaultConfigurationIsVisible = 0;
			defaultConfigurationName = Release;
		};
		14D0C0E928699E1C00BFA099 /* Build configuration list for PBXNativeTarget "ScreenTransactionExample" */ = {
			isa = XCConfigurationList;
			buildConfigurations = (
				14D0C0EA28699E1C00BFA099 /* Debug */,
				14D0C0EB28699E1C00BFA099 /* Release */,
			);
			defaultConfigurationIsVisible = 0;
			defaultConfigurationName = Release;
		};
		14D0C1092869B8EE00BFA099 /* Build configuration list for PBXNativeTarget "LEDBoard" */ = {
			isa = XCConfigurationList;
			buildConfigurations = (
				14D0C10A2869B8EE00BFA099 /* Debug */,
				14D0C10B2869B8EE00BFA099 /* Release */,
			);
			defaultConfigurationIsVisible = 0;
			defaultConfigurationName = Release;
		};
		14D0C123286AEC9300BFA099 /* Build configuration list for PBXNativeTarget "Calculator" */ = {
			isa = XCConfigurationList;
			buildConfigurations = (
				14D0C124286AEC9300BFA099 /* Debug */,
				14D0C125286AEC9300BFA099 /* Release */,
			);
			defaultConfigurationIsVisible = 0;
			defaultConfigurationName = Release;
		};
		14D0C13D286B1C3100BFA099 /* Build configuration list for PBXNativeTarget "TodoList" */ = {
			isa = XCConfigurationList;
			buildConfigurations = (
				14D0C13E286B1C3100BFA099 /* Debug */,
				14D0C13F286B1C3100BFA099 /* Release */,
			);
			defaultConfigurationIsVisible = 0;
			defaultConfigurationName = Release;
		};
		14D0C157286C06F700BFA099 /* Build configuration list for PBXNativeTarget "Diary" */ = {
			isa = XCConfigurationList;
			buildConfigurations = (
				14D0C158286C06F700BFA099 /* Debug */,
				14D0C159286C06F700BFA099 /* Release */,
			);
			defaultConfigurationIsVisible = 0;
			defaultConfigurationName = Release;
		};
		14EF293B286D56290031DD36 /* Build configuration list for PBXNativeTarget "Pomodoro" */ = {
			isa = XCConfigurationList;
			buildConfigurations = (
				14EF2939286D56290031DD36 /* Debug */,
				14EF293A286D56290031DD36 /* Release */,
			);
			defaultConfigurationIsVisible = 0;
			defaultConfigurationName = Release;
		};
/* End XCConfigurationList section */
	};
	rootObject = 14D0C06B286983AE00BFA099 /* Project object */;
}
